
Microsoft Visual Studio Solution File, Format Version 11.00
# Visual Studio 2010
Project("{FAE04EC0-301F-11D3-BF4B-00C04F79EFBC}") = "595", "Output\595\595.csproj", "{4ADC4F0D-2F3B-4F4D-A5FC-C6AEB6B222CE}"
EndProject
Project("{FAE04EC0-301F-11D3-BF4B-00C04F79EFBC}") = "Renard", "Output\Renard\Renard.csproj", "{2149D717-7256-477B-BEC5-F9E7E6E93885}"
EndProject
Project("{FAE04EC0-301F-11D3-BF4B-00C04F79EFBC}") = "Generic", "Timing\Generic\Generic.csproj", "{D5B54EEF-5D27-4E30-9073-847C9996C552}"
EndProject
Project("{2150E333-8FDC-42A3-9474-1A3956D46DE8}") = "Output", "Output", "{DA7CFC2A-5668-4B31-A467-B8CECD98AA2B}"
EndProject
Project("{2150E333-8FDC-42A3-9474-1A3956D46DE8}") = "Timing", "Timing", "{E0BEB875-212F-4F44-BE52-0E9C4DDC95BB}"
EndProject
Project("{2150E333-8FDC-42A3-9474-1A3956D46DE8}") = "Sequence", "Sequence", "{B78A448A-6343-474F-AE12-D0BBF294ABBB}"
EndProject
Project("{FAE04EC0-301F-11D3-BF4B-00C04F79EFBC}") = "Timed", "Sequence\Timed\Timed.csproj", "{45E1228A-F714-41D5-BB9B-A776F2B23143}"
EndProject
Project("{2150E333-8FDC-42A3-9474-1A3956D46DE8}") = "Editor", "Editor", "{294141AD-AE2A-4530-9FA6-6D4AA287080F}"
EndProject
Project("{FAE04EC0-301F-11D3-BF4B-00C04F79EFBC}") = "TimedSequenceEditor", "Editor\TimedSequenceEditor\TimedSequenceEditor.csproj", "{47EA8E72-BEAB-44D0-893D-8F184FCFEF31}"
	ProjectSection(ProjectDependencies) = postProject
		{45E1228A-F714-41D5-BB9B-A776F2B23143} = {45E1228A-F714-41D5-BB9B-A776F2B23143}
	EndProjectSection
EndProject
Global
	GlobalSection(SolutionConfigurationPlatforms) = preSolution
		Debug|Any CPU = Debug|Any CPU
		Release|Any CPU = Release|Any CPU
	EndGlobalSection
	GlobalSection(ProjectConfigurationPlatforms) = postSolution
		{4ADC4F0D-2F3B-4F4D-A5FC-C6AEB6B222CE}.Debug|Any CPU.ActiveCfg = Debug|Any CPU
		{4ADC4F0D-2F3B-4F4D-A5FC-C6AEB6B222CE}.Debug|Any CPU.Build.0 = Debug|Any CPU
		{4ADC4F0D-2F3B-4F4D-A5FC-C6AEB6B222CE}.Release|Any CPU.ActiveCfg = Release|Any CPU
		{4ADC4F0D-2F3B-4F4D-A5FC-C6AEB6B222CE}.Release|Any CPU.Build.0 = Release|Any CPU
		{2149D717-7256-477B-BEC5-F9E7E6E93885}.Debug|Any CPU.ActiveCfg = Debug|Any CPU
		{2149D717-7256-477B-BEC5-F9E7E6E93885}.Debug|Any CPU.Build.0 = Debug|Any CPU
		{2149D717-7256-477B-BEC5-F9E7E6E93885}.Release|Any CPU.ActiveCfg = Release|Any CPU
		{2149D717-7256-477B-BEC5-F9E7E6E93885}.Release|Any CPU.Build.0 = Release|Any CPU
		{D5B54EEF-5D27-4E30-9073-847C9996C552}.Debug|Any CPU.ActiveCfg = Debug|Any CPU
		{D5B54EEF-5D27-4E30-9073-847C9996C552}.Debug|Any CPU.Build.0 = Debug|Any CPU
		{D5B54EEF-5D27-4E30-9073-847C9996C552}.Release|Any CPU.ActiveCfg = Release|Any CPU
		{D5B54EEF-5D27-4E30-9073-847C9996C552}.Release|Any CPU.Build.0 = Release|Any CPU
		{45E1228A-F714-41D5-BB9B-A776F2B23143}.Debug|Any CPU.ActiveCfg = Debug|Any CPU
		{45E1228A-F714-41D5-BB9B-A776F2B23143}.Debug|Any CPU.Build.0 = Debug|Any CPU
		{45E1228A-F714-41D5-BB9B-A776F2B23143}.Release|Any CPU.ActiveCfg = Release|Any CPU
		{45E1228A-F714-41D5-BB9B-A776F2B23143}.Release|Any CPU.Build.0 = Release|Any CPU
		{47EA8E72-BEAB-44D0-893D-8F184FCFEF31}.Debug|Any CPU.ActiveCfg = Debug|Any CPU
		{47EA8E72-BEAB-44D0-893D-8F184FCFEF31}.Debug|Any CPU.Build.0 = Debug|Any CPU
		{47EA8E72-BEAB-44D0-893D-8F184FCFEF31}.Release|Any CPU.ActiveCfg = Release|Any CPU
		{47EA8E72-BEAB-44D0-893D-8F184FCFEF31}.Release|Any CPU.Build.0 = Release|Any CPU
	EndGlobalSection
	GlobalSection(SolutionProperties) = preSolution
		HideSolutionNode = FALSE
	EndGlobalSection
	GlobalSection(NestedProjects) = preSolution
		{2149D717-7256-477B-BEC5-F9E7E6E93885} = {DA7CFC2A-5668-4B31-A467-B8CECD98AA2B}
		{4ADC4F0D-2F3B-4F4D-A5FC-C6AEB6B222CE} = {DA7CFC2A-5668-4B31-A467-B8CECD98AA2B}
		{D5B54EEF-5D27-4E30-9073-847C9996C552} = {E0BEB875-212F-4F44-BE52-0E9C4DDC95BB}
		{45E1228A-F714-41D5-BB9B-A776F2B23143} = {B78A448A-6343-474F-AE12-D0BBF294ABBB}
		{47EA8E72-BEAB-44D0-893D-8F184FCFEF31} = {294141AD-AE2A-4530-9FA6-6D4AA287080F}
	EndGlobalSection
EndGlobal
