Microsoft Visual Studio Solution File, Format Version 11.00
# Visual Studio 2010
Project("{FAE04EC0-301F-11D3-BF4B-00C04F79EFBC}") = "Vixen", "Vixen.System\Vixen.csproj", "{50B78623-FCF4-48AF-93FF-FA87C937028F}"
EndProject
Project("{FAE04EC0-301F-11D3-BF4B-00C04F79EFBC}") = "CommonElements", "CommonElements\CommonElements.csproj", "{4EA6B667-2A25-47E8-810B-7CF1C6A8DB9A}"
	ProjectSection(ProjectDependencies) = postProject
		{50B78623-FCF4-48AF-93FF-FA87C937028F} = {50B78623-FCF4-48AF-93FF-FA87C937028F}
	EndProjectSection
EndProject
Project("{FAE04EC0-301F-11D3-BF4B-00C04F79EFBC}") = "TestAudioOutput", "Test Projects\TestAudioOutput\TestAudioOutput.csproj", "{C9C63861-B34C-4AAA-A65C-FCAC1B601FE4}"
EndProject
Project("{FAE04EC0-301F-11D3-BF4B-00C04F79EFBC}") = "TestClient", "Test Projects\TestClient\TestClient.csproj", "{C845619B-F12F-45FA-8392-A8B88BD81904}"
EndProject
Project("{FAE04EC0-301F-11D3-BF4B-00C04F79EFBC}") = "TestCommandEditors", "Test Projects\TestCommandEditors\TestCommandEditors.csproj", "{B982B5E7-83AE-4594-B356-0A3C287183F2}"
EndProject
Project("{FAE04EC0-301F-11D3-BF4B-00C04F79EFBC}") = "TestEditor", "Test Projects\TestEditor\TestEditor.csproj", "{9330DA87-A71D-4844-ABBE-4E2F07BF19D6}"
EndProject
Project("{FAE04EC0-301F-11D3-BF4B-00C04F79EFBC}") = "TestOutput", "Test Projects\TestOutput\TestOutput.csproj", "{8F547C23-C12A-464E-B4CF-8CFA727F09DA}"
EndProject
Project("{FAE04EC0-301F-11D3-BF4B-00C04F79EFBC}") = "TestRuntimeBehaviors", "Test Projects\TestRuntimeBehaviors\TestRuntimeBehaviors.csproj", "{8BBDC9DB-5E59-4A60-81F2-A4158912DE81}"
EndProject
Project("{FAE04EC0-301F-11D3-BF4B-00C04F79EFBC}") = "TestEffect", "Test Projects\TestScriptModule\TestEffect.csproj", "{68BA5A51-C145-449E-A9E2-B5E79C05DAFC}"
EndProject
Project("{FAE04EC0-301F-11D3-BF4B-00C04F79EFBC}") = "TestSequences", "Test Projects\TestSequences\TestSequences.csproj", "{00CC3F31-9D78-463B-B474-9E9FC3A340A0}"
EndProject
Project("{FAE04EC0-301F-11D3-BF4B-00C04F79EFBC}") = "TestTemplate", "Test Projects\TestTemplate\TestTemplate.csproj", "{3642479D-E329-4EFC-BBD2-8F3D403EC031}"
EndProject
Project("{FAE04EC0-301F-11D3-BF4B-00C04F79EFBC}") = "TestTiming", "Test Projects\TestTiming\TestTiming.csproj", "{BBFB38CA-5A75-46D5-A579-900D69C370A3}"
EndProject
Project("{FAE04EC0-301F-11D3-BF4B-00C04F79EFBC}") = "TestTransform", "Test Projects\TestTransform\TestTransform.csproj", "{6ACCD578-5224-4E58-B72D-503212E269EE}"
EndProject
Project("{FAE04EC0-301F-11D3-BF4B-00C04F79EFBC}") = "TestProperty", "Test Projects\TestProperty\TestProperty.csproj", "{0CFE8D9B-ED0C-48F8-ACA3-D538321C16FD}"
EndProject
Project("{FAE04EC0-301F-11D3-BF4B-00C04F79EFBC}") = "TestScript", "Test Projects\TestScript\TestScript.csproj", "{FE524832-96C4-42B4-9A01-C9A0E62C1035}"
EndProject
Project("{FAE04EC0-301F-11D3-BF4B-00C04F79EFBC}") = "VixenApplication", "Modules\Application\VixenApplication\VixenApplication.csproj", "{8AE432FF-B954-4F3A-923D-BE60FC363419}"
	ProjectSection(ProjectDependencies) = postProject
		{50B78623-FCF4-48AF-93FF-FA87C937028F} = {50B78623-FCF4-48AF-93FF-FA87C937028F}
	EndProjectSection
EndProject
Project("{FAE04EC0-301F-11D3-BF4B-00C04F79EFBC}") = "TestAppModule", "Test Projects\TestAppModule\TestAppModule.csproj", "{758A8F91-F351-4C1A-BCFD-741349B4B05C}"
EndProject
Project("{FAE04EC0-301F-11D3-BF4B-00C04F79EFBC}") = "GenericTimer", "Test Projects\GenericTimer\GenericTimer.csproj", "{C391BC4E-3E4C-407B-A460-E2392D8E8DF7}"
EndProject
Project("{2150E333-8FDC-42A3-9474-1A3956D46DE8}") = "Test Modules", "Test Modules", "{DD5EA77C-58AF-4444-B69A-64F8CF1AFD3C}"
EndProject
Project("{2150E333-8FDC-42A3-9474-1A3956D46DE8}") = "Modules", "Modules", "{FFEF21BE-17BF-4C68-AE19-409AE444AC53}"
EndProject
Project("{2150E333-8FDC-42A3-9474-1A3956D46DE8}") = "App", "App", "{E301917B-FF08-4275-A4E0-830E2BEC0635}"
EndProject
Project("{2150E333-8FDC-42A3-9474-1A3956D46DE8}") = "Editor", "Editor", "{E28B32DB-012C-4B34-A515-0D4D4E8FD7F9}"
EndProject
Project("{2150E333-8FDC-42A3-9474-1A3956D46DE8}") = "Effect", "Effect", "{0E86725B-55F2-43AB-96A9-2B9B89BE4473}"
EndProject
Project("{2150E333-8FDC-42A3-9474-1A3956D46DE8}") = "Media", "Media", "{EBB4D48A-B01C-4200-93A8-7F4B54414536}"
EndProject
Project("{2150E333-8FDC-42A3-9474-1A3956D46DE8}") = "Output", "Output", "{01824B6E-B567-4974-849B-44A1ABEB4B39}"
EndProject
Project("{2150E333-8FDC-42A3-9474-1A3956D46DE8}") = "Property", "Property", "{30A09AE0-71AC-4A08-B17A-8D82319068A7}"
EndProject
Project("{2150E333-8FDC-42A3-9474-1A3956D46DE8}") = "Script", "Script", "{B7892815-5091-468D-8D79-EC631A597C33}"
EndProject
Project("{2150E333-8FDC-42A3-9474-1A3956D46DE8}") = "Sequence", "Sequence", "{C1DD3752-B399-4A45-9E46-D2E128AF6D84}"
EndProject
Project("{2150E333-8FDC-42A3-9474-1A3956D46DE8}") = "Timing", "Timing", "{8C3F147E-FAE4-4EB5-AE03-7F82D7DAD7C6}"
EndProject
Project("{FAE04EC0-301F-11D3-BF4B-00C04F79EFBC}") = "ColorGradients", "Modules\App\ColorGradients\ColorGradients.csproj", "{1B189B36-02AF-4A57-9E1B-6DC833212725}"
	ProjectSection(ProjectDependencies) = postProject
		{50B78623-FCF4-48AF-93FF-FA87C937028F} = {50B78623-FCF4-48AF-93FF-FA87C937028F}
		{4EA6B667-2A25-47E8-810B-7CF1C6A8DB9A} = {4EA6B667-2A25-47E8-810B-7CF1C6A8DB9A}
	EndProjectSection
EndProject
Project("{FAE04EC0-301F-11D3-BF4B-00C04F79EFBC}") = "Curves", "Modules\App\Curves\Curves.csproj", "{F0BA7127-61B4-453A-802B-ABCB5A0D3D54}"
	ProjectSection(ProjectDependencies) = postProject
		{50B78623-FCF4-48AF-93FF-FA87C937028F} = {50B78623-FCF4-48AF-93FF-FA87C937028F}
		{4EA6B667-2A25-47E8-810B-7CF1C6A8DB9A} = {4EA6B667-2A25-47E8-810B-7CF1C6A8DB9A}
	EndProjectSection
EndProject
Project("{FAE04EC0-301F-11D3-BF4B-00C04F79EFBC}") = "TimedSequenceEditor", "Modules\Editor\TimedSequenceEditor\TimedSequenceEditor.csproj", "{47EA8E72-BEAB-44D0-893D-8F184FCFEF31}"
	ProjectSection(ProjectDependencies) = postProject
		{50B78623-FCF4-48AF-93FF-FA87C937028F} = {50B78623-FCF4-48AF-93FF-FA87C937028F}
		{4EA6B667-2A25-47E8-810B-7CF1C6A8DB9A} = {4EA6B667-2A25-47E8-810B-7CF1C6A8DB9A}
	EndProjectSection
EndProject
Project("{FAE04EC0-301F-11D3-BF4B-00C04F79EFBC}") = "Pulse", "Modules\Effect\Pulse\Pulse.csproj", "{A815A79E-305D-4167-A0BC-FFA590BB4644}"
	ProjectSection(ProjectDependencies) = postProject
		{50B78623-FCF4-48AF-93FF-FA87C937028F} = {50B78623-FCF4-48AF-93FF-FA87C937028F}
	EndProjectSection
EndProject
Project("{FAE04EC0-301F-11D3-BF4B-00C04F79EFBC}") = "SetLevel", "Modules\Effect\SetLevel\SetLevel.csproj", "{8910163E-A2A3-4F8B-B5D8-0E311166B8BA}"
	ProjectSection(ProjectDependencies) = postProject
		{50B78623-FCF4-48AF-93FF-FA87C937028F} = {50B78623-FCF4-48AF-93FF-FA87C937028F}
		{4EA6B667-2A25-47E8-810B-7CF1C6A8DB9A} = {4EA6B667-2A25-47E8-810B-7CF1C6A8DB9A}
	EndProjectSection
EndProject
Project("{FAE04EC0-301F-11D3-BF4B-00C04F79EFBC}") = "Olsen595", "Modules\Output\595\Olsen595.csproj", "{4ADC4F0D-2F3B-4F4D-A5FC-C6AEB6B222CE}"
	ProjectSection(ProjectDependencies) = postProject
		{50B78623-FCF4-48AF-93FF-FA87C937028F} = {50B78623-FCF4-48AF-93FF-FA87C937028F}
		{4EA6B667-2A25-47E8-810B-7CF1C6A8DB9A} = {4EA6B667-2A25-47E8-810B-7CF1C6A8DB9A}
	EndProjectSection
EndProject
Project("{FAE04EC0-301F-11D3-BF4B-00C04F79EFBC}") = "Renard", "Modules\Output\Renard\Renard.csproj", "{2149D717-7256-477B-BEC5-F9E7E6E93885}"
	ProjectSection(ProjectDependencies) = postProject
		{50B78623-FCF4-48AF-93FF-FA87C937028F} = {50B78623-FCF4-48AF-93FF-FA87C937028F}
		{4EA6B667-2A25-47E8-810B-7CF1C6A8DB9A} = {4EA6B667-2A25-47E8-810B-7CF1C6A8DB9A}
	EndProjectSection
EndProject
Project("{FAE04EC0-301F-11D3-BF4B-00C04F79EFBC}") = "RGB", "Modules\Property\RGB\RGB.csproj", "{3D1BD0E2-B947-4235-A2A7-30AA4F13CA86}"
	ProjectSection(ProjectDependencies) = postProject
		{50B78623-FCF4-48AF-93FF-FA87C937028F} = {50B78623-FCF4-48AF-93FF-FA87C937028F}
		{4EA6B667-2A25-47E8-810B-7CF1C6A8DB9A} = {4EA6B667-2A25-47E8-810B-7CF1C6A8DB9A}
	EndProjectSection
EndProject
Project("{FAE04EC0-301F-11D3-BF4B-00C04F79EFBC}") = "Timed", "Modules\Sequence\Timed\Timed.csproj", "{45E1228A-F714-41D5-BB9B-A776F2B23143}"
	ProjectSection(ProjectDependencies) = postProject
		{50B78623-FCF4-48AF-93FF-FA87C937028F} = {50B78623-FCF4-48AF-93FF-FA87C937028F}
	EndProjectSection
EndProject
Project("{FAE04EC0-301F-11D3-BF4B-00C04F79EFBC}") = "Generic", "Modules\Timing\Generic\Generic.csproj", "{D5B54EEF-5D27-4E30-9073-847C9996C552}"
	ProjectSection(ProjectDependencies) = postProject
		{50B78623-FCF4-48AF-93FF-FA87C937028F} = {50B78623-FCF4-48AF-93FF-FA87C937028F}
	EndProjectSection
EndProject
Project("{2150E333-8FDC-42A3-9474-1A3956D46DE8}") = "EffectEditor", "EffectEditor", "{04563307-41A9-4BB8-B13F-B364BE966B85}"
EndProject
Project("{FAE04EC0-301F-11D3-BF4B-00C04F79EFBC}") = "CurveTypeEditor", "Modules\EffectEditor\CurveTypeEditor\CurveTypeEditor.csproj", "{34DF4090-8439-416F-A719-A74430E4E0C0}"
EndProject
Project("{FAE04EC0-301F-11D3-BF4B-00C04F79EFBC}") = "ColorTypeEditor", "Modules\EffectEditor\ColorTypeEditor\ColorTypeEditor.csproj", "{3B7309D6-5D6A-4265-A0B9-B65E0DDFCB12}"
EndProject
Project("{FAE04EC0-301F-11D3-BF4B-00C04F79EFBC}") = "ColorGradientTypeEditor", "Modules\EffectEditor\ColorGradientTypeEditor\ColorGradientTypeEditor.csproj", "{48CF28EC-8DC9-44F8-A258-BD264DF187D9}"
EndProject
Project("{FAE04EC0-301F-11D3-BF4B-00C04F79EFBC}") = "LevelTypeEditor", "Modules\EffectEditor\LevelTypeEditor\LevelTypeEditor.csproj", "{5FE12EE4-49CB-4008-9A30-96960704A9C5}"
EndProject
Project("{FAE04EC0-301F-11D3-BF4B-00C04F79EFBC}") = "VixenTestbed", "VixenTestbed\VixenTestbed.csproj", "{A2E9641C-9959-4CBC-BC11-0EDA57FEC942}"
EndProject
Project("{2150E333-8FDC-42A3-9474-1A3956D46DE8}") = "Sample Modules", "Sample Modules", "{CBDC131B-58B6-4456-BB28-7FFEF6141F4C}"
EndProject
Project("{2150E333-8FDC-42A3-9474-1A3956D46DE8}") = "App", "App", "{0BC898AF-352F-4967-A761-1C7A85C105BE}"
EndProject
Project("{2150E333-8FDC-42A3-9474-1A3956D46DE8}") = "Editor", "Editor", "{D637F567-8E52-46C1-9D71-0DAA75650CED}"
EndProject
Project("{2150E333-8FDC-42A3-9474-1A3956D46DE8}") = "Effect", "Effect", "{4960602C-D1FF-471E-A470-22318D2A278A}"
EndProject
Project("{2150E333-8FDC-42A3-9474-1A3956D46DE8}") = "EffectEditor", "EffectEditor", "{4E8C7DDB-803D-44D3-9ED5-B273D1FEC917}"
EndProject
Project("{2150E333-8FDC-42A3-9474-1A3956D46DE8}") = "Output", "Output", "{A1D7F2E0-787E-41B0-A27F-919618D4FBA3}"
EndProject
Project("{2150E333-8FDC-42A3-9474-1A3956D46DE8}") = "Property", "Property", "{1B4C3932-1E73-4F9E-B6BA-992DAF0794E2}"
EndProject
Project("{FAE04EC0-301F-11D3-BF4B-00C04F79EFBC}") = "SampleOutput", "Sample Modules\Output\SampleOutput\SampleOutput.csproj", "{D70A5623-28E6-4544-8109-25D7694BC5F7}"
EndProject
Project("{2150E333-8FDC-42A3-9474-1A3956D46DE8}") = "Common", "Common", "{25A1ED22-180F-4B61-84FC-55790AA11254}"
EndProject
Project("{FAE04EC0-301F-11D3-BF4B-00C04F79EFBC}") = "FMOD", "Common\FMOD\FMOD.csproj", "{3A2B3153-2B4B-4EC4-B85F-A824682CC054}"
EndProject
Project("{FAE04EC0-301F-11D3-BF4B-00C04F79EFBC}") = "Audio", "Modules\Media\Audio\Audio.csproj", "{4243BA4C-6371-4DD1-8A1D-675BED5322AF}"
EndProject
Project("{FAE04EC0-301F-11D3-BF4B-00C04F79EFBC}") = "SampleApp", "Sample Modules\App\SampleApp\SampleApp.csproj", "{522669E1-7866-4D0B-92C7-23F49CA44E6B}"
EndProject
Project("{FAE04EC0-301F-11D3-BF4B-00C04F79EFBC}") = "SampleEffect", "Sample Modules\Effect\SampleEffect\SampleEffect.csproj", "{2528EC2F-0856-4446-8AAA-9CB82A591B7F}"
EndProject
Project("{FAE04EC0-301F-11D3-BF4B-00C04F79EFBC}") = "SampleEffectEditor", "Sample Modules\EffectEditor\SampleEffectEditor\SampleEffectEditor.csproj", "{F01596FF-7979-4FEC-B177-9587EF1C445E}"
EndProject
Project("{FAE04EC0-301F-11D3-BF4B-00C04F79EFBC}") = "SampleProperty", "Sample Modules\Property\SampleProperty\SampleProperty.csproj", "{F836B214-4A02-443E-801A-7FACAEF657CE}"
EndProject
Project("{FAE04EC0-301F-11D3-BF4B-00C04F79EFBC}") = "SampleEditor", "Sample Modules\Editor\SampleEditor\SampleEditor.csproj", "{7498956E-47AE-40CF-822D-4641CCFFA8CB}"
EndProject
Project("{2150E333-8FDC-42A3-9474-1A3956D46DE8}") = "Transform", "Transform", "{7F019242-E312-470D-941F-C8029C8F8A1C}"
EndProject
Project("{FAE04EC0-301F-11D3-BF4B-00C04F79EFBC}") = "DimmingCurve", "Modules\Transform\DimmingCurve\DimmingCurve.csproj", "{395903FC-9EDB-4EEB-8F71-B49BC9FFDA0F}"
EndProject
Project("{FAE04EC0-301F-11D3-BF4B-00C04F79EFBC}") = "Scheduler", "Modules\App\Scheduler\Scheduler.csproj", "{6B152433-894B-4CFB-AD22-48D10D5024C3}"
EndProject
Project("{FAE04EC0-301F-11D3-BF4B-00C04F79EFBC}") = "Twinkle", "Modules\Effect\Twinkle\Twinkle.csproj", "{4D474A34-9319-4439-A35E-98B5C2AFE3DC}"
EndProject
Project("{FAE04EC0-301F-11D3-BF4B-00C04F79EFBC}") = "Spin", "Modules\Effect\Spin\Spin.csproj", "{56296134-41F2-4B20-95FC-6EB3049CFFEB}"
EndProject
Project("{FAE04EC0-301F-11D3-BF4B-00C04F79EFBC}") = "Chase", "Modules\Effect\Chase\Chase.csproj", "{27EC771C-D03C-4C94-915B-E18E33CB6C43}"
EndProject
Project("{FAE04EC0-301F-11D3-BF4B-00C04F79EFBC}") = "SpinEffectEditor", "Modules\EffectEditor\SpinEffectEditor\SpinEffectEditor.csproj", "{F96BC815-74DA-49A3-9587-407DA95840DB}"
EndProject
Project("{FAE04EC0-301F-11D3-BF4B-00C04F79EFBC}") = "TwinkleEffectEditor", "Modules\EffectEditor\TwinkleEffectEditor\TwinkleEffectEditor.csproj", "{0E837648-DBDE-4B83-84EB-D4095D60DE5F}"
EndProject
Project("{FAE04EC0-301F-11D3-BF4B-00C04F79EFBC}") = "DisplayPreview", "Modules\App\DisplayPreviewModule\DisplayPreview.csproj", "{13F15246-D19A-4E00-86F9-1F969919D617}"
EndProject
Project("{FAE04EC0-301F-11D3-BF4B-00C04F79EFBC}") = "InstrumentationPanel", "Modules\App\InstrumentationPanel\InstrumentationPanel.csproj", "{30B3A665-8CAB-4327-83D1-3815A265EA6B}"
EndProject
Project("{FAE04EC0-301F-11D3-BF4B-00C04F79EFBC}") = "ChaseEffectEditor", "Modules\EffectEditor\ChaseEffectEditor\ChaseEffectEditor.csproj", "{8D3DB6A3-647A-4A57-AE68-D3E2EB0A7A8F}"
EndProject
Project("{FAE04EC0-301F-11D3-BF4B-00C04F79EFBC}") = "DummyLighting", "Modules\Output\DummyLighting\DummyLighting.csproj", "{BBCE89B7-AFD8-48D6-A368-AD87D3BE0A68}"
EndProject
Project("{FAE04EC0-301F-11D3-BF4B-00C04F79EFBC}") = "BlinkyLinky", "Modules\Output\BlinkyLinky\BlinkyLinky.csproj", "{4FF97A6E-2376-4257-B45F-A88D6EB441ED}"
EndProject
Project("{FAE04EC0-301F-11D3-BF4B-00C04F79EFBC}") = "Position", "Modules\Property\Position\Position.csproj", "{14D6531E-D56E-4A11-93FE-01119001E7E6}"
EndProject
Project("{FAE04EC0-301F-11D3-BF4B-00C04F79EFBC}") = "DmxUsbPro", "Modules\Output\DMXUSBPro\DmxUsbPro.csproj", "{A10F47EE-E097-48EF-A9E5-BE0BD83D9CF3}"
EndProject
Project("{FAE04EC0-301F-11D3-BF4B-00C04F79EFBC}") = "E131", "Modules\Output\E1.31\E131.csproj", "{3D42FC86-9EA6-4D6B-8E4A-1F4EE1A1D8B5}"
EndProject
Project("{FAE04EC0-301F-11D3-BF4B-00C04F79EFBC}") = "Vixen2x", "Modules\Sequence\Vixen2x\Vixen2x.csproj", "{BD18AB57-1ABF-4C5B-A3F6-8B4AC6013C36}"
EndProject
Project("{2150E333-8FDC-42A3-9474-1A3956D46DE8}") = "Input", "Input", "{E61E332D-B9E1-45C4-875A-521031406B07}"
EndProject
Project("{FAE04EC0-301F-11D3-BF4B-00C04F79EFBC}") = "DirectXJoystick", "Modules\Input\DirectXJoystick\DirectXJoystick.csproj", "{1B0458F3-7668-4D71-A63E-88BEFC03925C}"
EndProject
Project("{FAE04EC0-301F-11D3-BF4B-00C04F79EFBC}") = "InputEffectRouter", "Modules\App\InputEffectRouter\InputEffectRouter.csproj", "{37FE2E42-50DA-4973-88F7-072BA570F997}"
EndProject
Project("{FAE04EC0-301F-11D3-BF4B-00C04F79EFBC}") = "PSC", "Modules\Output\PSC\PSC\PSC.csproj", "{0A94E357-EC2B-4B72-895F-1F7907D846D4}"
EndProject
Project("{FAE04EC0-301F-11D3-BF4B-00C04F79EFBC}") = "SetPosition", "Modules\Effect\SetPosition\SetPosition\SetPosition.csproj", "{6FC75CE5-8D88-4A0D-A0C7-B6F85ED6B7A2}"
EndProject
Project("{FAE04EC0-301F-11D3-BF4B-00C04F79EFBC}") = "Hill320", "Modules\Output\Hill320\Hill320.csproj", "{8791C204-4BFE-4D65-AA9F-837B2C8B7B65}"
EndProject
Project("{FAE04EC0-301F-11D3-BF4B-00C04F79EFBC}") = "BasicInputManagement", "Common\BasicInputManagement\BasicInputManagement.csproj", "{4B448396-DF5D-4864-A133-7A0AA69CA028}"
EndProject
Project("{2150E333-8FDC-42A3-9474-1A3956D46DE8}") = "RuntimeBehavior", "RuntimeBehavior", "{9C03E0DA-6464-4AF2-A9B8-223114A2A2AA}"
EndProject
Project("{FAE04EC0-301F-11D3-BF4B-00C04F79EFBC}") = "Recording", "Modules\RuntimeBehavior\Recording\Recording.csproj", "{A1B55A53-64C2-464A-923A-13059F0852CD}"
EndProject
Global
	GlobalSection(SolutionConfigurationPlatforms) = preSolution
		Debug|Any CPU = Debug|Any CPU
		Release|Any CPU = Release|Any CPU
	EndGlobalSection
	GlobalSection(ProjectConfigurationPlatforms) = postSolution
		{50B78623-FCF4-48AF-93FF-FA87C937028F}.Debug|Any CPU.ActiveCfg = Debug|Any CPU
		{50B78623-FCF4-48AF-93FF-FA87C937028F}.Debug|Any CPU.Build.0 = Debug|Any CPU
		{50B78623-FCF4-48AF-93FF-FA87C937028F}.Release|Any CPU.ActiveCfg = Release|Any CPU
		{50B78623-FCF4-48AF-93FF-FA87C937028F}.Release|Any CPU.Build.0 = Release|Any CPU
		{4EA6B667-2A25-47E8-810B-7CF1C6A8DB9A}.Debug|Any CPU.ActiveCfg = Debug|Any CPU
		{4EA6B667-2A25-47E8-810B-7CF1C6A8DB9A}.Debug|Any CPU.Build.0 = Debug|Any CPU
		{4EA6B667-2A25-47E8-810B-7CF1C6A8DB9A}.Release|Any CPU.ActiveCfg = Release|Any CPU
		{4EA6B667-2A25-47E8-810B-7CF1C6A8DB9A}.Release|Any CPU.Build.0 = Release|Any CPU
		{C9C63861-B34C-4AAA-A65C-FCAC1B601FE4}.Debug|Any CPU.ActiveCfg = Debug|Any CPU
		{C9C63861-B34C-4AAA-A65C-FCAC1B601FE4}.Release|Any CPU.ActiveCfg = Release|Any CPU
		{C845619B-F12F-45FA-8392-A8B88BD81904}.Debug|Any CPU.ActiveCfg = Debug|Any CPU
		{C845619B-F12F-45FA-8392-A8B88BD81904}.Release|Any CPU.ActiveCfg = Release|Any CPU
		{B982B5E7-83AE-4594-B356-0A3C287183F2}.Debug|Any CPU.ActiveCfg = Debug|Any CPU
		{B982B5E7-83AE-4594-B356-0A3C287183F2}.Release|Any CPU.ActiveCfg = Release|Any CPU
		{9330DA87-A71D-4844-ABBE-4E2F07BF19D6}.Debug|Any CPU.ActiveCfg = Debug|Any CPU
		{9330DA87-A71D-4844-ABBE-4E2F07BF19D6}.Release|Any CPU.ActiveCfg = Release|Any CPU
		{8F547C23-C12A-464E-B4CF-8CFA727F09DA}.Debug|Any CPU.ActiveCfg = Debug|Any CPU
		{8F547C23-C12A-464E-B4CF-8CFA727F09DA}.Release|Any CPU.ActiveCfg = Release|Any CPU
		{8BBDC9DB-5E59-4A60-81F2-A4158912DE81}.Debug|Any CPU.ActiveCfg = Debug|Any CPU
		{8BBDC9DB-5E59-4A60-81F2-A4158912DE81}.Release|Any CPU.ActiveCfg = Release|Any CPU
		{68BA5A51-C145-449E-A9E2-B5E79C05DAFC}.Debug|Any CPU.ActiveCfg = Debug|Any CPU
		{68BA5A51-C145-449E-A9E2-B5E79C05DAFC}.Release|Any CPU.ActiveCfg = Release|Any CPU
		{00CC3F31-9D78-463B-B474-9E9FC3A340A0}.Debug|Any CPU.ActiveCfg = Debug|Any CPU
		{00CC3F31-9D78-463B-B474-9E9FC3A340A0}.Release|Any CPU.ActiveCfg = Release|Any CPU
		{3642479D-E329-4EFC-BBD2-8F3D403EC031}.Debug|Any CPU.ActiveCfg = Debug|Any CPU
		{3642479D-E329-4EFC-BBD2-8F3D403EC031}.Release|Any CPU.ActiveCfg = Release|Any CPU
		{BBFB38CA-5A75-46D5-A579-900D69C370A3}.Debug|Any CPU.ActiveCfg = Debug|Any CPU
		{BBFB38CA-5A75-46D5-A579-900D69C370A3}.Release|Any CPU.ActiveCfg = Release|Any CPU
		{6ACCD578-5224-4E58-B72D-503212E269EE}.Debug|Any CPU.ActiveCfg = Debug|Any CPU
		{6ACCD578-5224-4E58-B72D-503212E269EE}.Release|Any CPU.ActiveCfg = Release|Any CPU
		{0CFE8D9B-ED0C-48F8-ACA3-D538321C16FD}.Debug|Any CPU.ActiveCfg = Debug|Any CPU
		{0CFE8D9B-ED0C-48F8-ACA3-D538321C16FD}.Release|Any CPU.ActiveCfg = Release|Any CPU
		{FE524832-96C4-42B4-9A01-C9A0E62C1035}.Debug|Any CPU.ActiveCfg = Debug|Any CPU
		{FE524832-96C4-42B4-9A01-C9A0E62C1035}.Release|Any CPU.ActiveCfg = Release|Any CPU
		{8AE432FF-B954-4F3A-923D-BE60FC363419}.Debug|Any CPU.ActiveCfg = Debug|Any CPU
		{8AE432FF-B954-4F3A-923D-BE60FC363419}.Debug|Any CPU.Build.0 = Debug|Any CPU
		{8AE432FF-B954-4F3A-923D-BE60FC363419}.Release|Any CPU.ActiveCfg = Release|Any CPU
		{8AE432FF-B954-4F3A-923D-BE60FC363419}.Release|Any CPU.Build.0 = Release|Any CPU
		{758A8F91-F351-4C1A-BCFD-741349B4B05C}.Debug|Any CPU.ActiveCfg = Debug|Any CPU
		{758A8F91-F351-4C1A-BCFD-741349B4B05C}.Release|Any CPU.ActiveCfg = Release|Any CPU
		{C391BC4E-3E4C-407B-A460-E2392D8E8DF7}.Debug|Any CPU.ActiveCfg = Debug|Any CPU
		{C391BC4E-3E4C-407B-A460-E2392D8E8DF7}.Release|Any CPU.ActiveCfg = Release|Any CPU
		{1B189B36-02AF-4A57-9E1B-6DC833212725}.Debug|Any CPU.ActiveCfg = Debug|Any CPU
		{1B189B36-02AF-4A57-9E1B-6DC833212725}.Debug|Any CPU.Build.0 = Debug|Any CPU
		{1B189B36-02AF-4A57-9E1B-6DC833212725}.Release|Any CPU.ActiveCfg = Release|Any CPU
		{1B189B36-02AF-4A57-9E1B-6DC833212725}.Release|Any CPU.Build.0 = Release|Any CPU
		{F0BA7127-61B4-453A-802B-ABCB5A0D3D54}.Debug|Any CPU.ActiveCfg = Debug|Any CPU
		{F0BA7127-61B4-453A-802B-ABCB5A0D3D54}.Debug|Any CPU.Build.0 = Debug|Any CPU
		{F0BA7127-61B4-453A-802B-ABCB5A0D3D54}.Release|Any CPU.ActiveCfg = Release|Any CPU
		{F0BA7127-61B4-453A-802B-ABCB5A0D3D54}.Release|Any CPU.Build.0 = Release|Any CPU
		{47EA8E72-BEAB-44D0-893D-8F184FCFEF31}.Debug|Any CPU.ActiveCfg = Debug|Any CPU
		{47EA8E72-BEAB-44D0-893D-8F184FCFEF31}.Debug|Any CPU.Build.0 = Debug|Any CPU
		{47EA8E72-BEAB-44D0-893D-8F184FCFEF31}.Release|Any CPU.ActiveCfg = Release|Any CPU
		{47EA8E72-BEAB-44D0-893D-8F184FCFEF31}.Release|Any CPU.Build.0 = Release|Any CPU
		{A815A79E-305D-4167-A0BC-FFA590BB4644}.Debug|Any CPU.ActiveCfg = Debug|Any CPU
		{A815A79E-305D-4167-A0BC-FFA590BB4644}.Debug|Any CPU.Build.0 = Debug|Any CPU
		{A815A79E-305D-4167-A0BC-FFA590BB4644}.Release|Any CPU.ActiveCfg = Release|Any CPU
		{A815A79E-305D-4167-A0BC-FFA590BB4644}.Release|Any CPU.Build.0 = Release|Any CPU
		{8910163E-A2A3-4F8B-B5D8-0E311166B8BA}.Debug|Any CPU.ActiveCfg = Debug|Any CPU
		{8910163E-A2A3-4F8B-B5D8-0E311166B8BA}.Debug|Any CPU.Build.0 = Debug|Any CPU
		{8910163E-A2A3-4F8B-B5D8-0E311166B8BA}.Release|Any CPU.ActiveCfg = Release|Any CPU
		{8910163E-A2A3-4F8B-B5D8-0E311166B8BA}.Release|Any CPU.Build.0 = Release|Any CPU
		{4ADC4F0D-2F3B-4F4D-A5FC-C6AEB6B222CE}.Debug|Any CPU.ActiveCfg = Debug|Any CPU
		{4ADC4F0D-2F3B-4F4D-A5FC-C6AEB6B222CE}.Debug|Any CPU.Build.0 = Debug|Any CPU
		{4ADC4F0D-2F3B-4F4D-A5FC-C6AEB6B222CE}.Release|Any CPU.ActiveCfg = Release|Any CPU
		{2149D717-7256-477B-BEC5-F9E7E6E93885}.Debug|Any CPU.ActiveCfg = Debug|Any CPU
		{2149D717-7256-477B-BEC5-F9E7E6E93885}.Debug|Any CPU.Build.0 = Debug|Any CPU
		{2149D717-7256-477B-BEC5-F9E7E6E93885}.Release|Any CPU.ActiveCfg = Release|Any CPU
		{2149D717-7256-477B-BEC5-F9E7E6E93885}.Release|Any CPU.Build.0 = Release|Any CPU
		{3D1BD0E2-B947-4235-A2A7-30AA4F13CA86}.Debug|Any CPU.ActiveCfg = Debug|Any CPU
		{3D1BD0E2-B947-4235-A2A7-30AA4F13CA86}.Debug|Any CPU.Build.0 = Debug|Any CPU
		{3D1BD0E2-B947-4235-A2A7-30AA4F13CA86}.Release|Any CPU.ActiveCfg = Release|Any CPU
		{3D1BD0E2-B947-4235-A2A7-30AA4F13CA86}.Release|Any CPU.Build.0 = Release|Any CPU
		{45E1228A-F714-41D5-BB9B-A776F2B23143}.Debug|Any CPU.ActiveCfg = Debug|Any CPU
		{45E1228A-F714-41D5-BB9B-A776F2B23143}.Debug|Any CPU.Build.0 = Debug|Any CPU
		{45E1228A-F714-41D5-BB9B-A776F2B23143}.Release|Any CPU.ActiveCfg = Release|Any CPU
		{45E1228A-F714-41D5-BB9B-A776F2B23143}.Release|Any CPU.Build.0 = Release|Any CPU
		{D5B54EEF-5D27-4E30-9073-847C9996C552}.Debug|Any CPU.ActiveCfg = Debug|Any CPU
		{D5B54EEF-5D27-4E30-9073-847C9996C552}.Debug|Any CPU.Build.0 = Debug|Any CPU
		{D5B54EEF-5D27-4E30-9073-847C9996C552}.Release|Any CPU.ActiveCfg = Release|Any CPU
		{D5B54EEF-5D27-4E30-9073-847C9996C552}.Release|Any CPU.Build.0 = Release|Any CPU
		{34DF4090-8439-416F-A719-A74430E4E0C0}.Debug|Any CPU.ActiveCfg = Debug|Any CPU
		{34DF4090-8439-416F-A719-A74430E4E0C0}.Debug|Any CPU.Build.0 = Debug|Any CPU
		{34DF4090-8439-416F-A719-A74430E4E0C0}.Release|Any CPU.ActiveCfg = Release|Any CPU
		{34DF4090-8439-416F-A719-A74430E4E0C0}.Release|Any CPU.Build.0 = Release|Any CPU
		{3B7309D6-5D6A-4265-A0B9-B65E0DDFCB12}.Debug|Any CPU.ActiveCfg = Debug|Any CPU
		{3B7309D6-5D6A-4265-A0B9-B65E0DDFCB12}.Debug|Any CPU.Build.0 = Debug|Any CPU
		{3B7309D6-5D6A-4265-A0B9-B65E0DDFCB12}.Release|Any CPU.ActiveCfg = Release|Any CPU
		{3B7309D6-5D6A-4265-A0B9-B65E0DDFCB12}.Release|Any CPU.Build.0 = Release|Any CPU
		{48CF28EC-8DC9-44F8-A258-BD264DF187D9}.Debug|Any CPU.ActiveCfg = Debug|Any CPU
		{48CF28EC-8DC9-44F8-A258-BD264DF187D9}.Debug|Any CPU.Build.0 = Debug|Any CPU
		{48CF28EC-8DC9-44F8-A258-BD264DF187D9}.Release|Any CPU.ActiveCfg = Release|Any CPU
		{48CF28EC-8DC9-44F8-A258-BD264DF187D9}.Release|Any CPU.Build.0 = Release|Any CPU
		{5FE12EE4-49CB-4008-9A30-96960704A9C5}.Debug|Any CPU.ActiveCfg = Debug|Any CPU
		{5FE12EE4-49CB-4008-9A30-96960704A9C5}.Debug|Any CPU.Build.0 = Debug|Any CPU
		{5FE12EE4-49CB-4008-9A30-96960704A9C5}.Release|Any CPU.ActiveCfg = Release|Any CPU
		{5FE12EE4-49CB-4008-9A30-96960704A9C5}.Release|Any CPU.Build.0 = Release|Any CPU
		{A2E9641C-9959-4CBC-BC11-0EDA57FEC942}.Debug|Any CPU.ActiveCfg = Debug|Any CPU
		{A2E9641C-9959-4CBC-BC11-0EDA57FEC942}.Debug|Any CPU.Build.0 = Debug|Any CPU
		{A2E9641C-9959-4CBC-BC11-0EDA57FEC942}.Release|Any CPU.ActiveCfg = Release|Any CPU
		{A2E9641C-9959-4CBC-BC11-0EDA57FEC942}.Release|Any CPU.Build.0 = Release|Any CPU
		{D70A5623-28E6-4544-8109-25D7694BC5F7}.Debug|Any CPU.ActiveCfg = Debug|Any CPU
		{D70A5623-28E6-4544-8109-25D7694BC5F7}.Debug|Any CPU.Build.0 = Debug|Any CPU
		{D70A5623-28E6-4544-8109-25D7694BC5F7}.Release|Any CPU.ActiveCfg = Release|Any CPU
		{3A2B3153-2B4B-4EC4-B85F-A824682CC054}.Debug|Any CPU.ActiveCfg = Debug|Any CPU
		{3A2B3153-2B4B-4EC4-B85F-A824682CC054}.Debug|Any CPU.Build.0 = Debug|Any CPU
		{3A2B3153-2B4B-4EC4-B85F-A824682CC054}.Release|Any CPU.ActiveCfg = Release|Any CPU
		{3A2B3153-2B4B-4EC4-B85F-A824682CC054}.Release|Any CPU.Build.0 = Release|Any CPU
		{4243BA4C-6371-4DD1-8A1D-675BED5322AF}.Debug|Any CPU.ActiveCfg = Debug|Any CPU
		{4243BA4C-6371-4DD1-8A1D-675BED5322AF}.Debug|Any CPU.Build.0 = Debug|Any CPU
		{4243BA4C-6371-4DD1-8A1D-675BED5322AF}.Release|Any CPU.ActiveCfg = Release|Any CPU
		{4243BA4C-6371-4DD1-8A1D-675BED5322AF}.Release|Any CPU.Build.0 = Release|Any CPU
		{522669E1-7866-4D0B-92C7-23F49CA44E6B}.Debug|Any CPU.ActiveCfg = Debug|Any CPU
		{522669E1-7866-4D0B-92C7-23F49CA44E6B}.Debug|Any CPU.Build.0 = Debug|Any CPU
		{522669E1-7866-4D0B-92C7-23F49CA44E6B}.Release|Any CPU.ActiveCfg = Release|Any CPU
		{2528EC2F-0856-4446-8AAA-9CB82A591B7F}.Debug|Any CPU.ActiveCfg = Debug|Any CPU
		{2528EC2F-0856-4446-8AAA-9CB82A591B7F}.Debug|Any CPU.Build.0 = Debug|Any CPU
		{2528EC2F-0856-4446-8AAA-9CB82A591B7F}.Release|Any CPU.ActiveCfg = Release|Any CPU
		{F01596FF-7979-4FEC-B177-9587EF1C445E}.Debug|Any CPU.ActiveCfg = Debug|Any CPU
		{F01596FF-7979-4FEC-B177-9587EF1C445E}.Debug|Any CPU.Build.0 = Debug|Any CPU
		{F01596FF-7979-4FEC-B177-9587EF1C445E}.Release|Any CPU.ActiveCfg = Release|Any CPU
		{F836B214-4A02-443E-801A-7FACAEF657CE}.Debug|Any CPU.ActiveCfg = Debug|Any CPU
		{F836B214-4A02-443E-801A-7FACAEF657CE}.Debug|Any CPU.Build.0 = Debug|Any CPU
		{F836B214-4A02-443E-801A-7FACAEF657CE}.Release|Any CPU.ActiveCfg = Release|Any CPU
		{7498956E-47AE-40CF-822D-4641CCFFA8CB}.Debug|Any CPU.ActiveCfg = Debug|Any CPU
		{7498956E-47AE-40CF-822D-4641CCFFA8CB}.Debug|Any CPU.Build.0 = Debug|Any CPU
		{7498956E-47AE-40CF-822D-4641CCFFA8CB}.Release|Any CPU.ActiveCfg = Release|Any CPU
		{395903FC-9EDB-4EEB-8F71-B49BC9FFDA0F}.Debug|Any CPU.ActiveCfg = Debug|Any CPU
		{395903FC-9EDB-4EEB-8F71-B49BC9FFDA0F}.Debug|Any CPU.Build.0 = Debug|Any CPU
		{395903FC-9EDB-4EEB-8F71-B49BC9FFDA0F}.Release|Any CPU.ActiveCfg = Release|Any CPU
		{395903FC-9EDB-4EEB-8F71-B49BC9FFDA0F}.Release|Any CPU.Build.0 = Release|Any CPU
		{6B152433-894B-4CFB-AD22-48D10D5024C3}.Debug|Any CPU.ActiveCfg = Debug|Any CPU
		{6B152433-894B-4CFB-AD22-48D10D5024C3}.Debug|Any CPU.Build.0 = Debug|Any CPU
		{6B152433-894B-4CFB-AD22-48D10D5024C3}.Release|Any CPU.ActiveCfg = Release|Any CPU
		{4D474A34-9319-4439-A35E-98B5C2AFE3DC}.Debug|Any CPU.ActiveCfg = Debug|Any CPU
		{4D474A34-9319-4439-A35E-98B5C2AFE3DC}.Debug|Any CPU.Build.0 = Debug|Any CPU
		{4D474A34-9319-4439-A35E-98B5C2AFE3DC}.Release|Any CPU.ActiveCfg = Release|Any CPU
		{4D474A34-9319-4439-A35E-98B5C2AFE3DC}.Release|Any CPU.Build.0 = Release|Any CPU
		{56296134-41F2-4B20-95FC-6EB3049CFFEB}.Debug|Any CPU.ActiveCfg = Debug|Any CPU
		{56296134-41F2-4B20-95FC-6EB3049CFFEB}.Debug|Any CPU.Build.0 = Debug|Any CPU
		{56296134-41F2-4B20-95FC-6EB3049CFFEB}.Release|Any CPU.ActiveCfg = Release|Any CPU
		{56296134-41F2-4B20-95FC-6EB3049CFFEB}.Release|Any CPU.Build.0 = Release|Any CPU
		{27EC771C-D03C-4C94-915B-E18E33CB6C43}.Debug|Any CPU.ActiveCfg = Debug|Any CPU
		{27EC771C-D03C-4C94-915B-E18E33CB6C43}.Debug|Any CPU.Build.0 = Debug|Any CPU
		{27EC771C-D03C-4C94-915B-E18E33CB6C43}.Release|Any CPU.ActiveCfg = Release|Any CPU
		{27EC771C-D03C-4C94-915B-E18E33CB6C43}.Release|Any CPU.Build.0 = Release|Any CPU
		{F96BC815-74DA-49A3-9587-407DA95840DB}.Debug|Any CPU.ActiveCfg = Debug|Any CPU
		{F96BC815-74DA-49A3-9587-407DA95840DB}.Debug|Any CPU.Build.0 = Debug|Any CPU
		{F96BC815-74DA-49A3-9587-407DA95840DB}.Release|Any CPU.ActiveCfg = Release|Any CPU
		{F96BC815-74DA-49A3-9587-407DA95840DB}.Release|Any CPU.Build.0 = Release|Any CPU
		{0E837648-DBDE-4B83-84EB-D4095D60DE5F}.Debug|Any CPU.ActiveCfg = Debug|Any CPU
		{0E837648-DBDE-4B83-84EB-D4095D60DE5F}.Debug|Any CPU.Build.0 = Debug|Any CPU
		{0E837648-DBDE-4B83-84EB-D4095D60DE5F}.Release|Any CPU.ActiveCfg = Release|Any CPU
		{0E837648-DBDE-4B83-84EB-D4095D60DE5F}.Release|Any CPU.Build.0 = Release|Any CPU
		{13F15246-D19A-4E00-86F9-1F969919D617}.Debug|Any CPU.ActiveCfg = Debug|Any CPU
		{13F15246-D19A-4E00-86F9-1F969919D617}.Debug|Any CPU.Build.0 = Debug|Any CPU
		{13F15246-D19A-4E00-86F9-1F969919D617}.Release|Any CPU.ActiveCfg = Release|Any CPU
		{13F15246-D19A-4E00-86F9-1F969919D617}.Release|Any CPU.Build.0 = Release|Any CPU
		{30B3A665-8CAB-4327-83D1-3815A265EA6B}.Debug|Any CPU.ActiveCfg = Debug|Any CPU
		{30B3A665-8CAB-4327-83D1-3815A265EA6B}.Debug|Any CPU.Build.0 = Debug|Any CPU
		{30B3A665-8CAB-4327-83D1-3815A265EA6B}.Release|Any CPU.ActiveCfg = Release|Any CPU
		{8D3DB6A3-647A-4A57-AE68-D3E2EB0A7A8F}.Debug|Any CPU.ActiveCfg = Debug|Any CPU
		{8D3DB6A3-647A-4A57-AE68-D3E2EB0A7A8F}.Debug|Any CPU.Build.0 = Debug|Any CPU
		{8D3DB6A3-647A-4A57-AE68-D3E2EB0A7A8F}.Release|Any CPU.ActiveCfg = Release|Any CPU
		{8D3DB6A3-647A-4A57-AE68-D3E2EB0A7A8F}.Release|Any CPU.Build.0 = Release|Any CPU
		{BBCE89B7-AFD8-48D6-A368-AD87D3BE0A68}.Debug|Any CPU.ActiveCfg = Debug|Any CPU
		{BBCE89B7-AFD8-48D6-A368-AD87D3BE0A68}.Debug|Any CPU.Build.0 = Debug|Any CPU
		{BBCE89B7-AFD8-48D6-A368-AD87D3BE0A68}.Release|Any CPU.ActiveCfg = Release|Any CPU
		{BBCE89B7-AFD8-48D6-A368-AD87D3BE0A68}.Release|Any CPU.Build.0 = Release|Any CPU
		{4FF97A6E-2376-4257-B45F-A88D6EB441ED}.Debug|Any CPU.ActiveCfg = Debug|Any CPU
		{4FF97A6E-2376-4257-B45F-A88D6EB441ED}.Debug|Any CPU.Build.0 = Debug|Any CPU
		{4FF97A6E-2376-4257-B45F-A88D6EB441ED}.Release|Any CPU.ActiveCfg = Release|Any CPU
		{14D6531E-D56E-4A11-93FE-01119001E7E6}.Debug|Any CPU.ActiveCfg = Debug|Any CPU
		{14D6531E-D56E-4A11-93FE-01119001E7E6}.Debug|Any CPU.Build.0 = Debug|Any CPU
		{14D6531E-D56E-4A11-93FE-01119001E7E6}.Release|Any CPU.ActiveCfg = Release|Any CPU
		{A10F47EE-E097-48EF-A9E5-BE0BD83D9CF3}.Debug|Any CPU.ActiveCfg = Debug|Any CPU
		{A10F47EE-E097-48EF-A9E5-BE0BD83D9CF3}.Debug|Any CPU.Build.0 = Debug|Any CPU
		{A10F47EE-E097-48EF-A9E5-BE0BD83D9CF3}.Release|Any CPU.ActiveCfg = Release|Any CPU
		{3D42FC86-9EA6-4D6B-8E4A-1F4EE1A1D8B5}.Debug|Any CPU.ActiveCfg = Debug|Any CPU
		{3D42FC86-9EA6-4D6B-8E4A-1F4EE1A1D8B5}.Debug|Any CPU.Build.0 = Debug|Any CPU
		{3D42FC86-9EA6-4D6B-8E4A-1F4EE1A1D8B5}.Release|Any CPU.ActiveCfg = Release|Any CPU
		{3D42FC86-9EA6-4D6B-8E4A-1F4EE1A1D8B5}.Release|Any CPU.Build.0 = Release|Any CPU
		{BD18AB57-1ABF-4C5B-A3F6-8B4AC6013C36}.Debug|Any CPU.ActiveCfg = Debug|Any CPU
		{BD18AB57-1ABF-4C5B-A3F6-8B4AC6013C36}.Debug|Any CPU.Build.0 = Debug|Any CPU
		{BD18AB57-1ABF-4C5B-A3F6-8B4AC6013C36}.Release|Any CPU.ActiveCfg = Release|Any CPU
		{BD18AB57-1ABF-4C5B-A3F6-8B4AC6013C36}.Release|Any CPU.Build.0 = Release|Any CPU
		{1B0458F3-7668-4D71-A63E-88BEFC03925C}.Debug|Any CPU.ActiveCfg = Debug|Any CPU
		{1B0458F3-7668-4D71-A63E-88BEFC03925C}.Debug|Any CPU.Build.0 = Debug|Any CPU
		{1B0458F3-7668-4D71-A63E-88BEFC03925C}.Release|Any CPU.ActiveCfg = Release|Any CPU
		{1B0458F3-7668-4D71-A63E-88BEFC03925C}.Release|Any CPU.Build.0 = Release|Any CPU
		{37FE2E42-50DA-4973-88F7-072BA570F997}.Debug|Any CPU.ActiveCfg = Debug|Any CPU
		{37FE2E42-50DA-4973-88F7-072BA570F997}.Debug|Any CPU.Build.0 = Debug|Any CPU
		{37FE2E42-50DA-4973-88F7-072BA570F997}.Release|Any CPU.ActiveCfg = Release|Any CPU
		{37FE2E42-50DA-4973-88F7-072BA570F997}.Release|Any CPU.Build.0 = Release|Any CPU
		{0A94E357-EC2B-4B72-895F-1F7907D846D4}.Debug|Any CPU.ActiveCfg = Debug|Any CPU
		{0A94E357-EC2B-4B72-895F-1F7907D846D4}.Debug|Any CPU.Build.0 = Debug|Any CPU
		{0A94E357-EC2B-4B72-895F-1F7907D846D4}.Release|Any CPU.ActiveCfg = Release|Any CPU
		{0A94E357-EC2B-4B72-895F-1F7907D846D4}.Release|Any CPU.Build.0 = Release|Any CPU
		{6FC75CE5-8D88-4A0D-A0C7-B6F85ED6B7A2}.Debug|Any CPU.ActiveCfg = Debug|Any CPU
		{6FC75CE5-8D88-4A0D-A0C7-B6F85ED6B7A2}.Debug|Any CPU.Build.0 = Debug|Any CPU
		{6FC75CE5-8D88-4A0D-A0C7-B6F85ED6B7A2}.Release|Any CPU.ActiveCfg = Release|Any CPU
		{6FC75CE5-8D88-4A0D-A0C7-B6F85ED6B7A2}.Release|Any CPU.Build.0 = Release|Any CPU
		{8791C204-4BFE-4D65-AA9F-837B2C8B7B65}.Debug|Any CPU.ActiveCfg = Debug|Any CPU
		{8791C204-4BFE-4D65-AA9F-837B2C8B7B65}.Debug|Any CPU.Build.0 = Debug|Any CPU
		{8791C204-4BFE-4D65-AA9F-837B2C8B7B65}.Release|Any CPU.ActiveCfg = Release|Any CPU
		{8791C204-4BFE-4D65-AA9F-837B2C8B7B65}.Release|Any CPU.Build.0 = Release|Any CPU
		{4B448396-DF5D-4864-A133-7A0AA69CA028}.Debug|Any CPU.ActiveCfg = Debug|Any CPU
		{4B448396-DF5D-4864-A133-7A0AA69CA028}.Debug|Any CPU.Build.0 = Debug|Any CPU
		{4B448396-DF5D-4864-A133-7A0AA69CA028}.Release|Any CPU.ActiveCfg = Release|Any CPU
		{4B448396-DF5D-4864-A133-7A0AA69CA028}.Release|Any CPU.Build.0 = Release|Any CPU
		{A1B55A53-64C2-464A-923A-13059F0852CD}.Debug|Any CPU.ActiveCfg = Debug|Any CPU
		{A1B55A53-64C2-464A-923A-13059F0852CD}.Debug|Any CPU.Build.0 = Debug|Any CPU
		{A1B55A53-64C2-464A-923A-13059F0852CD}.Release|Any CPU.ActiveCfg = Release|Any CPU
		{A1B55A53-64C2-464A-923A-13059F0852CD}.Release|Any CPU.Build.0 = Release|Any CPU
	EndGlobalSection
	GlobalSection(SolutionProperties) = preSolution
		HideSolutionNode = FALSE
	EndGlobalSection
	GlobalSection(NestedProjects) = preSolution
		{4EA6B667-2A25-47E8-810B-7CF1C6A8DB9A} = {25A1ED22-180F-4B61-84FC-55790AA11254}
		{3A2B3153-2B4B-4EC4-B85F-A824682CC054} = {25A1ED22-180F-4B61-84FC-55790AA11254}
		{4B448396-DF5D-4864-A133-7A0AA69CA028} = {25A1ED22-180F-4B61-84FC-55790AA11254}
		{C845619B-F12F-45FA-8392-A8B88BD81904} = {DD5EA77C-58AF-4444-B69A-64F8CF1AFD3C}
		{B982B5E7-83AE-4594-B356-0A3C287183F2} = {DD5EA77C-58AF-4444-B69A-64F8CF1AFD3C}
		{9330DA87-A71D-4844-ABBE-4E2F07BF19D6} = {DD5EA77C-58AF-4444-B69A-64F8CF1AFD3C}
		{8F547C23-C12A-464E-B4CF-8CFA727F09DA} = {DD5EA77C-58AF-4444-B69A-64F8CF1AFD3C}
		{8BBDC9DB-5E59-4A60-81F2-A4158912DE81} = {DD5EA77C-58AF-4444-B69A-64F8CF1AFD3C}
		{68BA5A51-C145-449E-A9E2-B5E79C05DAFC} = {DD5EA77C-58AF-4444-B69A-64F8CF1AFD3C}
		{00CC3F31-9D78-463B-B474-9E9FC3A340A0} = {DD5EA77C-58AF-4444-B69A-64F8CF1AFD3C}
		{3642479D-E329-4EFC-BBD2-8F3D403EC031} = {DD5EA77C-58AF-4444-B69A-64F8CF1AFD3C}
		{BBFB38CA-5A75-46D5-A579-900D69C370A3} = {DD5EA77C-58AF-4444-B69A-64F8CF1AFD3C}
		{6ACCD578-5224-4E58-B72D-503212E269EE} = {DD5EA77C-58AF-4444-B69A-64F8CF1AFD3C}
		{0CFE8D9B-ED0C-48F8-ACA3-D538321C16FD} = {DD5EA77C-58AF-4444-B69A-64F8CF1AFD3C}
		{FE524832-96C4-42B4-9A01-C9A0E62C1035} = {DD5EA77C-58AF-4444-B69A-64F8CF1AFD3C}
		{758A8F91-F351-4C1A-BCFD-741349B4B05C} = {DD5EA77C-58AF-4444-B69A-64F8CF1AFD3C}
		{C391BC4E-3E4C-407B-A460-E2392D8E8DF7} = {DD5EA77C-58AF-4444-B69A-64F8CF1AFD3C}
		{C9C63861-B34C-4AAA-A65C-FCAC1B601FE4} = {DD5EA77C-58AF-4444-B69A-64F8CF1AFD3C}
		{E301917B-FF08-4275-A4E0-830E2BEC0635} = {FFEF21BE-17BF-4C68-AE19-409AE444AC53}
		{E28B32DB-012C-4B34-A515-0D4D4E8FD7F9} = {FFEF21BE-17BF-4C68-AE19-409AE444AC53}
		{0E86725B-55F2-43AB-96A9-2B9B89BE4473} = {FFEF21BE-17BF-4C68-AE19-409AE444AC53}
		{EBB4D48A-B01C-4200-93A8-7F4B54414536} = {FFEF21BE-17BF-4C68-AE19-409AE444AC53}
		{01824B6E-B567-4974-849B-44A1ABEB4B39} = {FFEF21BE-17BF-4C68-AE19-409AE444AC53}
		{30A09AE0-71AC-4A08-B17A-8D82319068A7} = {FFEF21BE-17BF-4C68-AE19-409AE444AC53}
		{B7892815-5091-468D-8D79-EC631A597C33} = {FFEF21BE-17BF-4C68-AE19-409AE444AC53}
		{C1DD3752-B399-4A45-9E46-D2E128AF6D84} = {FFEF21BE-17BF-4C68-AE19-409AE444AC53}
		{8C3F147E-FAE4-4EB5-AE03-7F82D7DAD7C6} = {FFEF21BE-17BF-4C68-AE19-409AE444AC53}
		{04563307-41A9-4BB8-B13F-B364BE966B85} = {FFEF21BE-17BF-4C68-AE19-409AE444AC53}
		{7F019242-E312-470D-941F-C8029C8F8A1C} = {FFEF21BE-17BF-4C68-AE19-409AE444AC53}
		{E61E332D-B9E1-45C4-875A-521031406B07} = {FFEF21BE-17BF-4C68-AE19-409AE444AC53}
		{9C03E0DA-6464-4AF2-A9B8-223114A2A2AA} = {FFEF21BE-17BF-4C68-AE19-409AE444AC53}
		{1B189B36-02AF-4A57-9E1B-6DC833212725} = {E301917B-FF08-4275-A4E0-830E2BEC0635}
		{F0BA7127-61B4-453A-802B-ABCB5A0D3D54} = {E301917B-FF08-4275-A4E0-830E2BEC0635}
		{6B152433-894B-4CFB-AD22-48D10D5024C3} = {E301917B-FF08-4275-A4E0-830E2BEC0635}
		{13F15246-D19A-4E00-86F9-1F969919D617} = {E301917B-FF08-4275-A4E0-830E2BEC0635}
		{30B3A665-8CAB-4327-83D1-3815A265EA6B} = {E301917B-FF08-4275-A4E0-830E2BEC0635}
		{37FE2E42-50DA-4973-88F7-072BA570F997} = {E301917B-FF08-4275-A4E0-830E2BEC0635}
		{47EA8E72-BEAB-44D0-893D-8F184FCFEF31} = {E28B32DB-012C-4B34-A515-0D4D4E8FD7F9}
		{A815A79E-305D-4167-A0BC-FFA590BB4644} = {0E86725B-55F2-43AB-96A9-2B9B89BE4473}
		{8910163E-A2A3-4F8B-B5D8-0E311166B8BA} = {0E86725B-55F2-43AB-96A9-2B9B89BE4473}
		{4D474A34-9319-4439-A35E-98B5C2AFE3DC} = {0E86725B-55F2-43AB-96A9-2B9B89BE4473}
		{56296134-41F2-4B20-95FC-6EB3049CFFEB} = {0E86725B-55F2-43AB-96A9-2B9B89BE4473}
		{27EC771C-D03C-4C94-915B-E18E33CB6C43} = {0E86725B-55F2-43AB-96A9-2B9B89BE4473}
		{6FC75CE5-8D88-4A0D-A0C7-B6F85ED6B7A2} = {0E86725B-55F2-43AB-96A9-2B9B89BE4473}
		{4243BA4C-6371-4DD1-8A1D-675BED5322AF} = {EBB4D48A-B01C-4200-93A8-7F4B54414536}
		{4ADC4F0D-2F3B-4F4D-A5FC-C6AEB6B222CE} = {01824B6E-B567-4974-849B-44A1ABEB4B39}
		{2149D717-7256-477B-BEC5-F9E7E6E93885} = {01824B6E-B567-4974-849B-44A1ABEB4B39}
		{BBCE89B7-AFD8-48D6-A368-AD87D3BE0A68} = {01824B6E-B567-4974-849B-44A1ABEB4B39}
		{4FF97A6E-2376-4257-B45F-A88D6EB441ED} = {01824B6E-B567-4974-849B-44A1ABEB4B39}
		{A10F47EE-E097-48EF-A9E5-BE0BD83D9CF3} = {01824B6E-B567-4974-849B-44A1ABEB4B39}
		{3D42FC86-9EA6-4D6B-8E4A-1F4EE1A1D8B5} = {01824B6E-B567-4974-849B-44A1ABEB4B39}
		{0A94E357-EC2B-4B72-895F-1F7907D846D4} = {01824B6E-B567-4974-849B-44A1ABEB4B39}
		{8791C204-4BFE-4D65-AA9F-837B2C8B7B65} = {01824B6E-B567-4974-849B-44A1ABEB4B39}
		{3D1BD0E2-B947-4235-A2A7-30AA4F13CA86} = {30A09AE0-71AC-4A08-B17A-8D82319068A7}
		{14D6531E-D56E-4A11-93FE-01119001E7E6} = {30A09AE0-71AC-4A08-B17A-8D82319068A7}
		{45E1228A-F714-41D5-BB9B-A776F2B23143} = {C1DD3752-B399-4A45-9E46-D2E128AF6D84}
		{BD18AB57-1ABF-4C5B-A3F6-8B4AC6013C36} = {C1DD3752-B399-4A45-9E46-D2E128AF6D84}
		{D5B54EEF-5D27-4E30-9073-847C9996C552} = {8C3F147E-FAE4-4EB5-AE03-7F82D7DAD7C6}
		{34DF4090-8439-416F-A719-A74430E4E0C0} = {04563307-41A9-4BB8-B13F-B364BE966B85}
		{3B7309D6-5D6A-4265-A0B9-B65E0DDFCB12} = {04563307-41A9-4BB8-B13F-B364BE966B85}
		{48CF28EC-8DC9-44F8-A258-BD264DF187D9} = {04563307-41A9-4BB8-B13F-B364BE966B85}
		{5FE12EE4-49CB-4008-9A30-96960704A9C5} = {04563307-41A9-4BB8-B13F-B364BE966B85}
		{F96BC815-74DA-49A3-9587-407DA95840DB} = {04563307-41A9-4BB8-B13F-B364BE966B85}
		{0E837648-DBDE-4B83-84EB-D4095D60DE5F} = {04563307-41A9-4BB8-B13F-B364BE966B85}
		{8D3DB6A3-647A-4A57-AE68-D3E2EB0A7A8F} = {04563307-41A9-4BB8-B13F-B364BE966B85}
		{0BC898AF-352F-4967-A761-1C7A85C105BE} = {CBDC131B-58B6-4456-BB28-7FFEF6141F4C}
		{D637F567-8E52-46C1-9D71-0DAA75650CED} = {CBDC131B-58B6-4456-BB28-7FFEF6141F4C}
		{4960602C-D1FF-471E-A470-22318D2A278A} = {CBDC131B-58B6-4456-BB28-7FFEF6141F4C}
		{4E8C7DDB-803D-44D3-9ED5-B273D1FEC917} = {CBDC131B-58B6-4456-BB28-7FFEF6141F4C}
		{A1D7F2E0-787E-41B0-A27F-919618D4FBA3} = {CBDC131B-58B6-4456-BB28-7FFEF6141F4C}
		{1B4C3932-1E73-4F9E-B6BA-992DAF0794E2} = {CBDC131B-58B6-4456-BB28-7FFEF6141F4C}
		{522669E1-7866-4D0B-92C7-23F49CA44E6B} = {0BC898AF-352F-4967-A761-1C7A85C105BE}
		{7498956E-47AE-40CF-822D-4641CCFFA8CB} = {D637F567-8E52-46C1-9D71-0DAA75650CED}
		{2528EC2F-0856-4446-8AAA-9CB82A591B7F} = {4960602C-D1FF-471E-A470-22318D2A278A}
		{F01596FF-7979-4FEC-B177-9587EF1C445E} = {4E8C7DDB-803D-44D3-9ED5-B273D1FEC917}
		{D70A5623-28E6-4544-8109-25D7694BC5F7} = {A1D7F2E0-787E-41B0-A27F-919618D4FBA3}
		{F836B214-4A02-443E-801A-7FACAEF657CE} = {1B4C3932-1E73-4F9E-B6BA-992DAF0794E2}
		{395903FC-9EDB-4EEB-8F71-B49BC9FFDA0F} = {7F019242-E312-470D-941F-C8029C8F8A1C}
		{1B0458F3-7668-4D71-A63E-88BEFC03925C} = {E61E332D-B9E1-45C4-875A-521031406B07}
		{A1B55A53-64C2-464A-923A-13059F0852CD} = {9C03E0DA-6464-4AF2-A9B8-223114A2A2AA}
	EndGlobalSection
EndGlobal
