
Microsoft Visual Studio Solution File, Format Version 11.00
# Visual Studio 2010
Project("{FAE04EC0-301F-11D3-BF4B-00C04F79EFBC}") = "Vixen", "Vixen.System\Vixen.csproj", "{50B78623-FCF4-48AF-93FF-FA87C937028F}"
EndProject
Project("{FAE04EC0-301F-11D3-BF4B-00C04F79EFBC}") = "CommandStandard", "CommandStandard\CommandStandard.csproj", "{ED76AB8D-4456-4CC4-B881-56A3DB4A229F}"
EndProject
Project("{FAE04EC0-301F-11D3-BF4B-00C04F79EFBC}") = "CommonElements", "CommonElements\CommonElements.csproj", "{4EA6B667-2A25-47E8-810B-7CF1C6A8DB9A}"
	ProjectSection(ProjectDependencies) = postProject
		{50B78623-FCF4-48AF-93FF-FA87C937028F} = {50B78623-FCF4-48AF-93FF-FA87C937028F}
	EndProjectSection
EndProject
Project("{FAE04EC0-301F-11D3-BF4B-00C04F79EFBC}") = "fmod", "Test Projects\Fmod64\fmod.csproj", "{0FC608ED-BBAD-4F92-8CAD-61D94F13F435}"
EndProject
Project("{FAE04EC0-301F-11D3-BF4B-00C04F79EFBC}") = "TestAudioOutput", "Test Projects\TestAudioOutput\TestAudioOutput.csproj", "{C9C63861-B34C-4AAA-A65C-FCAC1B601FE4}"
EndProject
Project("{FAE04EC0-301F-11D3-BF4B-00C04F79EFBC}") = "TestClient", "Test Projects\TestClient\TestClient.csproj", "{C845619B-F12F-45FA-8392-A8B88BD81904}"
EndProject
Project("{FAE04EC0-301F-11D3-BF4B-00C04F79EFBC}") = "TestCommandEditors", "Test Projects\TestCommandEditors\TestCommandEditors.csproj", "{B982B5E7-83AE-4594-B356-0A3C287183F2}"
EndProject
Project("{FAE04EC0-301F-11D3-BF4B-00C04F79EFBC}") = "TestEditor", "Test Projects\TestEditor\TestEditor.csproj", "{9330DA87-A71D-4844-ABBE-4E2F07BF19D6}"
EndProject
Project("{FAE04EC0-301F-11D3-BF4B-00C04F79EFBC}") = "TestOutput", "Test Projects\TestOutput\TestOutput.csproj", "{8F547C23-C12A-464E-B4CF-8CFA727F09DA}"
EndProject
Project("{FAE04EC0-301F-11D3-BF4B-00C04F79EFBC}") = "TestRuntimeBehaviors", "Test Projects\TestRuntimeBehaviors\TestRuntimeBehaviors.csproj", "{8BBDC9DB-5E59-4A60-81F2-A4158912DE81}"
EndProject
Project("{FAE04EC0-301F-11D3-BF4B-00C04F79EFBC}") = "TestEffect", "Test Projects\TestScriptModule\TestEffect.csproj", "{68BA5A51-C145-449E-A9E2-B5E79C05DAFC}"
EndProject
Project("{FAE04EC0-301F-11D3-BF4B-00C04F79EFBC}") = "TestSequences", "Test Projects\TestSequences\TestSequences.csproj", "{00CC3F31-9D78-463B-B474-9E9FC3A340A0}"
EndProject
Project("{FAE04EC0-301F-11D3-BF4B-00C04F79EFBC}") = "TestTemplate", "Test Projects\TestTemplate\TestTemplate.csproj", "{3642479D-E329-4EFC-BBD2-8F3D403EC031}"
EndProject
Project("{FAE04EC0-301F-11D3-BF4B-00C04F79EFBC}") = "TestTiming", "Test Projects\TestTiming\TestTiming.csproj", "{BBFB38CA-5A75-46D5-A579-900D69C370A3}"
EndProject
Project("{FAE04EC0-301F-11D3-BF4B-00C04F79EFBC}") = "TestTransform", "Test Projects\TestTransform\TestTransform.csproj", "{6ACCD578-5224-4E58-B72D-503212E269EE}"
EndProject
Project("{FAE04EC0-301F-11D3-BF4B-00C04F79EFBC}") = "TestProperty", "Test Projects\TestProperty\TestProperty.csproj", "{0CFE8D9B-ED0C-48F8-ACA3-D538321C16FD}"
EndProject
Project("{FAE04EC0-301F-11D3-BF4B-00C04F79EFBC}") = "TestScript", "Test Projects\TestScript\TestScript.csproj", "{FE524832-96C4-42B4-9A01-C9A0E62C1035}"
EndProject
Project("{FAE04EC0-301F-11D3-BF4B-00C04F79EFBC}") = "VixenApplication", "Modules\Application\VixenApplication\VixenApplication.csproj", "{8AE432FF-B954-4F3A-923D-BE60FC363419}"
	ProjectSection(ProjectDependencies) = postProject
		{50B78623-FCF4-48AF-93FF-FA87C937028F} = {50B78623-FCF4-48AF-93FF-FA87C937028F}
	EndProjectSection
EndProject
Global
	GlobalSection(SolutionConfigurationPlatforms) = preSolution
		Debug|Any CPU = Debug|Any CPU
		Release|Any CPU = Release|Any CPU
	EndGlobalSection
	GlobalSection(ProjectConfigurationPlatforms) = postSolution
		{50B78623-FCF4-48AF-93FF-FA87C937028F}.Debug|Any CPU.ActiveCfg = Debug|Any CPU
		{50B78623-FCF4-48AF-93FF-FA87C937028F}.Debug|Any CPU.Build.0 = Debug|Any CPU
		{50B78623-FCF4-48AF-93FF-FA87C937028F}.Release|Any CPU.ActiveCfg = Release|Any CPU
		{50B78623-FCF4-48AF-93FF-FA87C937028F}.Release|Any CPU.Build.0 = Release|Any CPU
		{ED76AB8D-4456-4CC4-B881-56A3DB4A229F}.Debug|Any CPU.ActiveCfg = Debug|Any CPU
		{ED76AB8D-4456-4CC4-B881-56A3DB4A229F}.Debug|Any CPU.Build.0 = Debug|Any CPU
		{ED76AB8D-4456-4CC4-B881-56A3DB4A229F}.Release|Any CPU.ActiveCfg = Release|Any CPU
		{ED76AB8D-4456-4CC4-B881-56A3DB4A229F}.Release|Any CPU.Build.0 = Release|Any CPU
		{4EA6B667-2A25-47E8-810B-7CF1C6A8DB9A}.Debug|Any CPU.ActiveCfg = Debug|Any CPU
		{4EA6B667-2A25-47E8-810B-7CF1C6A8DB9A}.Debug|Any CPU.Build.0 = Debug|Any CPU
		{4EA6B667-2A25-47E8-810B-7CF1C6A8DB9A}.Release|Any CPU.ActiveCfg = Release|Any CPU
		{4EA6B667-2A25-47E8-810B-7CF1C6A8DB9A}.Release|Any CPU.Build.0 = Release|Any CPU
		{0FC608ED-BBAD-4F92-8CAD-61D94F13F435}.Debug|Any CPU.ActiveCfg = Debug|Any CPU
		{0FC608ED-BBAD-4F92-8CAD-61D94F13F435}.Debug|Any CPU.Build.0 = Debug|Any CPU
		{0FC608ED-BBAD-4F92-8CAD-61D94F13F435}.Release|Any CPU.ActiveCfg = Release|Any CPU
		{0FC608ED-BBAD-4F92-8CAD-61D94F13F435}.Release|Any CPU.Build.0 = Release|Any CPU
		{C9C63861-B34C-4AAA-A65C-FCAC1B601FE4}.Debug|Any CPU.ActiveCfg = Debug|Any CPU
		{C9C63861-B34C-4AAA-A65C-FCAC1B601FE4}.Debug|Any CPU.Build.0 = Debug|Any CPU
		{C9C63861-B34C-4AAA-A65C-FCAC1B601FE4}.Release|Any CPU.ActiveCfg = Release|Any CPU
		{C9C63861-B34C-4AAA-A65C-FCAC1B601FE4}.Release|Any CPU.Build.0 = Release|Any CPU
		{C845619B-F12F-45FA-8392-A8B88BD81904}.Debug|Any CPU.ActiveCfg = Debug|Any CPU
		{C845619B-F12F-45FA-8392-A8B88BD81904}.Debug|Any CPU.Build.0 = Debug|Any CPU
		{C845619B-F12F-45FA-8392-A8B88BD81904}.Release|Any CPU.ActiveCfg = Release|Any CPU
		{C845619B-F12F-45FA-8392-A8B88BD81904}.Release|Any CPU.Build.0 = Release|Any CPU
		{B982B5E7-83AE-4594-B356-0A3C287183F2}.Debug|Any CPU.ActiveCfg = Debug|Any CPU
		{B982B5E7-83AE-4594-B356-0A3C287183F2}.Debug|Any CPU.Build.0 = Debug|Any CPU
		{B982B5E7-83AE-4594-B356-0A3C287183F2}.Release|Any CPU.ActiveCfg = Release|Any CPU
		{B982B5E7-83AE-4594-B356-0A3C287183F2}.Release|Any CPU.Build.0 = Release|Any CPU
		{9330DA87-A71D-4844-ABBE-4E2F07BF19D6}.Debug|Any CPU.ActiveCfg = Debug|Any CPU
		{9330DA87-A71D-4844-ABBE-4E2F07BF19D6}.Release|Any CPU.ActiveCfg = Release|Any CPU
		{9330DA87-A71D-4844-ABBE-4E2F07BF19D6}.Release|Any CPU.Build.0 = Release|Any CPU
		{8F547C23-C12A-464E-B4CF-8CFA727F09DA}.Debug|Any CPU.ActiveCfg = Debug|Any CPU
		{8F547C23-C12A-464E-B4CF-8CFA727F09DA}.Debug|Any CPU.Build.0 = Debug|Any CPU
		{8F547C23-C12A-464E-B4CF-8CFA727F09DA}.Release|Any CPU.ActiveCfg = Release|Any CPU
		{8F547C23-C12A-464E-B4CF-8CFA727F09DA}.Release|Any CPU.Build.0 = Release|Any CPU
		{8BBDC9DB-5E59-4A60-81F2-A4158912DE81}.Debug|Any CPU.ActiveCfg = Debug|Any CPU
		{8BBDC9DB-5E59-4A60-81F2-A4158912DE81}.Debug|Any CPU.Build.0 = Debug|Any CPU
		{8BBDC9DB-5E59-4A60-81F2-A4158912DE81}.Release|Any CPU.ActiveCfg = Release|Any CPU
		{8BBDC9DB-5E59-4A60-81F2-A4158912DE81}.Release|Any CPU.Build.0 = Release|Any CPU
		{68BA5A51-C145-449E-A9E2-B5E79C05DAFC}.Debug|Any CPU.ActiveCfg = Debug|Any CPU
		{68BA5A51-C145-449E-A9E2-B5E79C05DAFC}.Debug|Any CPU.Build.0 = Debug|Any CPU
		{68BA5A51-C145-449E-A9E2-B5E79C05DAFC}.Release|Any CPU.ActiveCfg = Release|Any CPU
		{68BA5A51-C145-449E-A9E2-B5E79C05DAFC}.Release|Any CPU.Build.0 = Release|Any CPU
		{00CC3F31-9D78-463B-B474-9E9FC3A340A0}.Debug|Any CPU.ActiveCfg = Debug|Any CPU
		{00CC3F31-9D78-463B-B474-9E9FC3A340A0}.Release|Any CPU.ActiveCfg = Release|Any CPU
		{00CC3F31-9D78-463B-B474-9E9FC3A340A0}.Release|Any CPU.Build.0 = Release|Any CPU
		{3642479D-E329-4EFC-BBD2-8F3D403EC031}.Debug|Any CPU.ActiveCfg = Debug|Any CPU
		{3642479D-E329-4EFC-BBD2-8F3D403EC031}.Debug|Any CPU.Build.0 = Debug|Any CPU
		{3642479D-E329-4EFC-BBD2-8F3D403EC031}.Release|Any CPU.ActiveCfg = Release|Any CPU
		{3642479D-E329-4EFC-BBD2-8F3D403EC031}.Release|Any CPU.Build.0 = Release|Any CPU
		{BBFB38CA-5A75-46D5-A579-900D69C370A3}.Debug|Any CPU.ActiveCfg = Debug|Any CPU
		{BBFB38CA-5A75-46D5-A579-900D69C370A3}.Debug|Any CPU.Build.0 = Debug|Any CPU
		{BBFB38CA-5A75-46D5-A579-900D69C370A3}.Release|Any CPU.ActiveCfg = Release|Any CPU
		{BBFB38CA-5A75-46D5-A579-900D69C370A3}.Release|Any CPU.Build.0 = Release|Any CPU
		{6ACCD578-5224-4E58-B72D-503212E269EE}.Debug|Any CPU.ActiveCfg = Debug|Any CPU
		{6ACCD578-5224-4E58-B72D-503212E269EE}.Debug|Any CPU.Build.0 = Debug|Any CPU
		{6ACCD578-5224-4E58-B72D-503212E269EE}.Release|Any CPU.ActiveCfg = Release|Any CPU
		{6ACCD578-5224-4E58-B72D-503212E269EE}.Release|Any CPU.Build.0 = Release|Any CPU
		{0CFE8D9B-ED0C-48F8-ACA3-D538321C16FD}.Debug|Any CPU.ActiveCfg = Debug|Any CPU
		{0CFE8D9B-ED0C-48F8-ACA3-D538321C16FD}.Debug|Any CPU.Build.0 = Debug|Any CPU
		{0CFE8D9B-ED0C-48F8-ACA3-D538321C16FD}.Release|Any CPU.ActiveCfg = Release|Any CPU
		{0CFE8D9B-ED0C-48F8-ACA3-D538321C16FD}.Release|Any CPU.Build.0 = Release|Any CPU
		{FE524832-96C4-42B4-9A01-C9A0E62C1035}.Debug|Any CPU.ActiveCfg = Debug|Any CPU
		{FE524832-96C4-42B4-9A01-C9A0E62C1035}.Debug|Any CPU.Build.0 = Debug|Any CPU
		{FE524832-96C4-42B4-9A01-C9A0E62C1035}.Release|Any CPU.ActiveCfg = Release|Any CPU
		{FE524832-96C4-42B4-9A01-C9A0E62C1035}.Release|Any CPU.Build.0 = Release|Any CPU
		{8AE432FF-B954-4F3A-923D-BE60FC363419}.Debug|Any CPU.ActiveCfg = Debug|Any CPU
		{8AE432FF-B954-4F3A-923D-BE60FC363419}.Debug|Any CPU.Build.0 = Debug|Any CPU
		{8AE432FF-B954-4F3A-923D-BE60FC363419}.Release|Any CPU.ActiveCfg = Release|Any CPU
		{8AE432FF-B954-4F3A-923D-BE60FC363419}.Release|Any CPU.Build.0 = Release|Any CPU
	EndGlobalSection
	GlobalSection(SolutionProperties) = preSolution
		HideSolutionNode = FALSE
	EndGlobalSection
EndGlobal
