Microsoft Visual Studio Solution File, Format Version 11.00
# Visual Studio 2010
Project("{FAE04EC0-301F-11D3-BF4B-00C04F79EFBC}") = "Vixen", "Vixen.System\Vixen.csproj", "{50B78623-FCF4-48AF-93FF-FA87C937028F}"
EndProject
Project("{2150E333-8FDC-42A3-9474-1A3956D46DE8}") = "VixenModules", "VixenModules", "{F1B3198B-977F-40CD-85B3-CAA3F5B5C948}"
EndProject
Project("{2150E333-8FDC-42A3-9474-1A3956D46DE8}") = "Modules", "Modules", "{FFEF21BE-17BF-4C68-AE19-409AE444AC53}"
EndProject
Project("{2150E333-8FDC-42A3-9474-1A3956D46DE8}") = "App", "App", "{E301917B-FF08-4275-A4E0-830E2BEC0635}"
EndProject
Project("{2150E333-8FDC-42A3-9474-1A3956D46DE8}") = "Editor", "Editor", "{E28B32DB-012C-4B34-A515-0D4D4E8FD7F9}"
EndProject
Project("{2150E333-8FDC-42A3-9474-1A3956D46DE8}") = "Effect", "Effect", "{0E86725B-55F2-43AB-96A9-2B9B89BE4473}"
EndProject
Project("{2150E333-8FDC-42A3-9474-1A3956D46DE8}") = "Media", "Media", "{EBB4D48A-B01C-4200-93A8-7F4B54414536}"
EndProject
Project("{2150E333-8FDC-42A3-9474-1A3956D46DE8}") = "Controller", "Controller", "{01824B6E-B567-4974-849B-44A1ABEB4B39}"
EndProject
Project("{2150E333-8FDC-42A3-9474-1A3956D46DE8}") = "Property", "Property", "{30A09AE0-71AC-4A08-B17A-8D82319068A7}"
EndProject
Project("{2150E333-8FDC-42A3-9474-1A3956D46DE8}") = "Script", "Script", "{B7892815-5091-468D-8D79-EC631A597C33}"
EndProject
Project("{2150E333-8FDC-42A3-9474-1A3956D46DE8}") = "Sequence", "Sequence", "{C1DD3752-B399-4A45-9E46-D2E128AF6D84}"
EndProject
Project("{2150E333-8FDC-42A3-9474-1A3956D46DE8}") = "Timing", "Timing", "{8C3F147E-FAE4-4EB5-AE03-7F82D7DAD7C6}"
EndProject
Project("{FAE04EC0-301F-11D3-BF4B-00C04F79EFBC}") = "ColorGradients", "Public\Modules\App\ColorGradients\ColorGradients.csproj", "{1B189B36-02AF-4A57-9E1B-6DC833212725}"
	ProjectSection(ProjectDependencies) = postProject
		{50B78623-FCF4-48AF-93FF-FA87C937028F} = {50B78623-FCF4-48AF-93FF-FA87C937028F}
	EndProjectSection
EndProject
Project("{FAE04EC0-301F-11D3-BF4B-00C04F79EFBC}") = "Curves", "Public\Modules\App\Curves\Curves.csproj", "{F0BA7127-61B4-453A-802B-ABCB5A0D3D54}"
	ProjectSection(ProjectDependencies) = postProject
		{50B78623-FCF4-48AF-93FF-FA87C937028F} = {50B78623-FCF4-48AF-93FF-FA87C937028F}
	EndProjectSection
EndProject
Project("{FAE04EC0-301F-11D3-BF4B-00C04F79EFBC}") = "TimedSequenceEditor", "Public\Modules\Editor\TimedSequenceEditor\TimedSequenceEditor.csproj", "{47EA8E72-BEAB-44D0-893D-8F184FCFEF31}"
	ProjectSection(ProjectDependencies) = postProject
		{50B78623-FCF4-48AF-93FF-FA87C937028F} = {50B78623-FCF4-48AF-93FF-FA87C937028F}
	EndProjectSection
EndProject
Project("{FAE04EC0-301F-11D3-BF4B-00C04F79EFBC}") = "Pulse", "Public\Modules\Effect\Pulse\Pulse.csproj", "{A815A79E-305D-4167-A0BC-FFA590BB4644}"
	ProjectSection(ProjectDependencies) = postProject
		{50B78623-FCF4-48AF-93FF-FA87C937028F} = {50B78623-FCF4-48AF-93FF-FA87C937028F}
	EndProjectSection
EndProject
Project("{FAE04EC0-301F-11D3-BF4B-00C04F79EFBC}") = "SetLevel", "Public\Modules\Effect\SetLevel\SetLevel.csproj", "{8910163E-A2A3-4F8B-B5D8-0E311166B8BA}"
	ProjectSection(ProjectDependencies) = postProject
		{50B78623-FCF4-48AF-93FF-FA87C937028F} = {50B78623-FCF4-48AF-93FF-FA87C937028F}
	EndProjectSection
EndProject
Project("{FAE04EC0-301F-11D3-BF4B-00C04F79EFBC}") = "Olsen595", "Public\Modules\Output\595\Olsen595.csproj", "{4ADC4F0D-2F3B-4F4D-A5FC-C6AEB6B222CE}"
	ProjectSection(ProjectDependencies) = postProject
		{50B78623-FCF4-48AF-93FF-FA87C937028F} = {50B78623-FCF4-48AF-93FF-FA87C937028F}
	EndProjectSection
EndProject
Project("{FAE04EC0-301F-11D3-BF4B-00C04F79EFBC}") = "Renard", "Public\Modules\Output\Renard\Renard.csproj", "{2149D717-7256-477B-BEC5-F9E7E6E93885}"
	ProjectSection(ProjectDependencies) = postProject
		{50B78623-FCF4-48AF-93FF-FA87C937028F} = {50B78623-FCF4-48AF-93FF-FA87C937028F}
	EndProjectSection
EndProject
Project("{FAE04EC0-301F-11D3-BF4B-00C04F79EFBC}") = "Timed", "Public\Modules\Sequence\Timed\Timed.csproj", "{45E1228A-F714-41D5-BB9B-A776F2B23143}"
	ProjectSection(ProjectDependencies) = postProject
		{50B78623-FCF4-48AF-93FF-FA87C937028F} = {50B78623-FCF4-48AF-93FF-FA87C937028F}
	EndProjectSection
EndProject
Project("{FAE04EC0-301F-11D3-BF4B-00C04F79EFBC}") = "Generic", "Public\Modules\Timing\Generic\Generic.csproj", "{D5B54EEF-5D27-4E30-9073-847C9996C552}"
	ProjectSection(ProjectDependencies) = postProject
		{50B78623-FCF4-48AF-93FF-FA87C937028F} = {50B78623-FCF4-48AF-93FF-FA87C937028F}
	EndProjectSection
EndProject
Project("{2150E333-8FDC-42A3-9474-1A3956D46DE8}") = "EffectEditor", "EffectEditor", "{04563307-41A9-4BB8-B13F-B364BE966B85}"
EndProject
Project("{FAE04EC0-301F-11D3-BF4B-00C04F79EFBC}") = "CurveTypeEditor", "Public\Modules\EffectEditor\CurveTypeEditor\CurveTypeEditor.csproj", "{34DF4090-8439-416F-A719-A74430E4E0C0}"
	ProjectSection(ProjectDependencies) = postProject
		{50B78623-FCF4-48AF-93FF-FA87C937028F} = {50B78623-FCF4-48AF-93FF-FA87C937028F}
	EndProjectSection
EndProject
Project("{FAE04EC0-301F-11D3-BF4B-00C04F79EFBC}") = "ColorTypeEditor", "Public\Modules\EffectEditor\ColorTypeEditor\ColorTypeEditor.csproj", "{3B7309D6-5D6A-4265-A0B9-B65E0DDFCB12}"
	ProjectSection(ProjectDependencies) = postProject
		{50B78623-FCF4-48AF-93FF-FA87C937028F} = {50B78623-FCF4-48AF-93FF-FA87C937028F}
	EndProjectSection
EndProject
Project("{FAE04EC0-301F-11D3-BF4B-00C04F79EFBC}") = "ColorGradientTypeEditor", "Public\Modules\EffectEditor\ColorGradientTypeEditor\ColorGradientTypeEditor.csproj", "{48CF28EC-8DC9-44F8-A258-BD264DF187D9}"
	ProjectSection(ProjectDependencies) = postProject
		{50B78623-FCF4-48AF-93FF-FA87C937028F} = {50B78623-FCF4-48AF-93FF-FA87C937028F}
	EndProjectSection
EndProject
Project("{FAE04EC0-301F-11D3-BF4B-00C04F79EFBC}") = "LevelTypeEditor", "Public\Modules\EffectEditor\LevelTypeEditor\LevelTypeEditor.csproj", "{5FE12EE4-49CB-4008-9A30-96960704A9C5}"
	ProjectSection(ProjectDependencies) = postProject
		{50B78623-FCF4-48AF-93FF-FA87C937028F} = {50B78623-FCF4-48AF-93FF-FA87C937028F}
	EndProjectSection
EndProject
Project("{2150E333-8FDC-42A3-9474-1A3956D46DE8}") = "Common", "Common", "{25A1ED22-180F-4B61-84FC-55790AA11254}"
EndProject
Project("{FAE04EC0-301F-11D3-BF4B-00C04F79EFBC}") = "FMOD", "Public\Common\FMOD\FMOD.csproj", "{3A2B3153-2B4B-4EC4-B85F-A824682CC054}"
EndProject
Project("{FAE04EC0-301F-11D3-BF4B-00C04F79EFBC}") = "Audio", "Public\Modules\Media\Audio\Audio.csproj", "{4243BA4C-6371-4DD1-8A1D-675BED5322AF}"
	ProjectSection(ProjectDependencies) = postProject
		{50B78623-FCF4-48AF-93FF-FA87C937028F} = {50B78623-FCF4-48AF-93FF-FA87C937028F}
	EndProjectSection
EndProject
Project("{FAE04EC0-301F-11D3-BF4B-00C04F79EFBC}") = "Scheduler", "Public\Modules\App\Scheduler\Scheduler.csproj", "{6B152433-894B-4CFB-AD22-48D10D5024C3}"
	ProjectSection(ProjectDependencies) = postProject
		{50B78623-FCF4-48AF-93FF-FA87C937028F} = {50B78623-FCF4-48AF-93FF-FA87C937028F}
	EndProjectSection
EndProject
Project("{FAE04EC0-301F-11D3-BF4B-00C04F79EFBC}") = "Twinkle", "Public\Modules\Effect\Twinkle\Twinkle.csproj", "{4D474A34-9319-4439-A35E-98B5C2AFE3DC}"
	ProjectSection(ProjectDependencies) = postProject
		{50B78623-FCF4-48AF-93FF-FA87C937028F} = {50B78623-FCF4-48AF-93FF-FA87C937028F}
	EndProjectSection
EndProject
Project("{FAE04EC0-301F-11D3-BF4B-00C04F79EFBC}") = "Spin", "Public\Modules\Effect\Spin\Spin.csproj", "{56296134-41F2-4B20-95FC-6EB3049CFFEB}"
	ProjectSection(ProjectDependencies) = postProject
		{50B78623-FCF4-48AF-93FF-FA87C937028F} = {50B78623-FCF4-48AF-93FF-FA87C937028F}
	EndProjectSection
EndProject
Project("{FAE04EC0-301F-11D3-BF4B-00C04F79EFBC}") = "Chase", "Public\Modules\Effect\Chase\Chase.csproj", "{27EC771C-D03C-4C94-915B-E18E33CB6C43}"
	ProjectSection(ProjectDependencies) = postProject
		{50B78623-FCF4-48AF-93FF-FA87C937028F} = {50B78623-FCF4-48AF-93FF-FA87C937028F}
	EndProjectSection
EndProject
Project("{FAE04EC0-301F-11D3-BF4B-00C04F79EFBC}") = "SpinEffectEditor", "Public\Modules\EffectEditor\SpinEffectEditor\SpinEffectEditor.csproj", "{F96BC815-74DA-49A3-9587-407DA95840DB}"
	ProjectSection(ProjectDependencies) = postProject
		{50B78623-FCF4-48AF-93FF-FA87C937028F} = {50B78623-FCF4-48AF-93FF-FA87C937028F}
	EndProjectSection
EndProject
Project("{FAE04EC0-301F-11D3-BF4B-00C04F79EFBC}") = "TwinkleEffectEditor", "Public\Modules\EffectEditor\TwinkleEffectEditor\TwinkleEffectEditor.csproj", "{0E837648-DBDE-4B83-84EB-D4095D60DE5F}"
	ProjectSection(ProjectDependencies) = postProject
		{50B78623-FCF4-48AF-93FF-FA87C937028F} = {50B78623-FCF4-48AF-93FF-FA87C937028F}
	EndProjectSection
EndProject
Project("{FAE04EC0-301F-11D3-BF4B-00C04F79EFBC}") = "InstrumentationPanel", "Public\Modules\App\InstrumentationPanel\InstrumentationPanel.csproj", "{30B3A665-8CAB-4327-83D1-3815A265EA6B}"
	ProjectSection(ProjectDependencies) = postProject
		{50B78623-FCF4-48AF-93FF-FA87C937028F} = {50B78623-FCF4-48AF-93FF-FA87C937028F}
	EndProjectSection
EndProject
Project("{FAE04EC0-301F-11D3-BF4B-00C04F79EFBC}") = "ChaseEffectEditor", "Public\Modules\EffectEditor\ChaseEffectEditor\ChaseEffectEditor.csproj", "{8D3DB6A3-647A-4A57-AE68-D3E2EB0A7A8F}"
	ProjectSection(ProjectDependencies) = postProject
		{50B78623-FCF4-48AF-93FF-FA87C937028F} = {50B78623-FCF4-48AF-93FF-FA87C937028F}
	EndProjectSection
EndProject
Project("{FAE04EC0-301F-11D3-BF4B-00C04F79EFBC}") = "DummyLighting", "Public\Modules\Output\DummyLighting\DummyLighting.csproj", "{BBCE89B7-AFD8-48D6-A368-AD87D3BE0A68}"
	ProjectSection(ProjectDependencies) = postProject
		{50B78623-FCF4-48AF-93FF-FA87C937028F} = {50B78623-FCF4-48AF-93FF-FA87C937028F}
	EndProjectSection
EndProject
Project("{FAE04EC0-301F-11D3-BF4B-00C04F79EFBC}") = "BlinkyLinky", "Public\Modules\Output\BlinkyLinky\BlinkyLinky.csproj", "{4FF97A6E-2376-4257-B45F-A88D6EB441ED}"
	ProjectSection(ProjectDependencies) = postProject
		{50B78623-FCF4-48AF-93FF-FA87C937028F} = {50B78623-FCF4-48AF-93FF-FA87C937028F}
	EndProjectSection
EndProject
Project("{FAE04EC0-301F-11D3-BF4B-00C04F79EFBC}") = "Position", "Public\Modules\Property\Position\Position.csproj", "{14D6531E-D56E-4A11-93FE-01119001E7E6}"
	ProjectSection(ProjectDependencies) = postProject
		{50B78623-FCF4-48AF-93FF-FA87C937028F} = {50B78623-FCF4-48AF-93FF-FA87C937028F}
	EndProjectSection
EndProject
Project("{FAE04EC0-301F-11D3-BF4B-00C04F79EFBC}") = "DmxUsbPro", "Public\Modules\Output\DMXUSBPro\DmxUsbPro.csproj", "{A10F47EE-E097-48EF-A9E5-BE0BD83D9CF3}"
	ProjectSection(ProjectDependencies) = postProject
		{50B78623-FCF4-48AF-93FF-FA87C937028F} = {50B78623-FCF4-48AF-93FF-FA87C937028F}
	EndProjectSection
EndProject
Project("{FAE04EC0-301F-11D3-BF4B-00C04F79EFBC}") = "E131", "Public\Modules\Output\E1.31\E131.csproj", "{3D42FC86-9EA6-4D6B-8E4A-1F4EE1A1D8B5}"
	ProjectSection(ProjectDependencies) = postProject
		{50B78623-FCF4-48AF-93FF-FA87C937028F} = {50B78623-FCF4-48AF-93FF-FA87C937028F}
	EndProjectSection
EndProject
Project("{FAE04EC0-301F-11D3-BF4B-00C04F79EFBC}") = "Vixen2x", "Public\Modules\Sequence\Vixen2x\Vixen2x.csproj", "{BD18AB57-1ABF-4C5B-A3F6-8B4AC6013C36}"
	ProjectSection(ProjectDependencies) = postProject
		{50B78623-FCF4-48AF-93FF-FA87C937028F} = {50B78623-FCF4-48AF-93FF-FA87C937028F}
	EndProjectSection
EndProject
Project("{2150E333-8FDC-42A3-9474-1A3956D46DE8}") = "Input", "Input", "{E61E332D-B9E1-45C4-875A-521031406B07}"
EndProject
Project("{FAE04EC0-301F-11D3-BF4B-00C04F79EFBC}") = "DirectXJoystick", "Public\Modules\Input\DirectXJoystick\DirectXJoystick.csproj", "{1B0458F3-7668-4D71-A63E-88BEFC03925C}"
	ProjectSection(ProjectDependencies) = postProject
		{50B78623-FCF4-48AF-93FF-FA87C937028F} = {50B78623-FCF4-48AF-93FF-FA87C937028F}
	EndProjectSection
EndProject
Project("{FAE04EC0-301F-11D3-BF4B-00C04F79EFBC}") = "InputEffectRouter", "Public\Modules\App\InputEffectRouter\InputEffectRouter.csproj", "{37FE2E42-50DA-4973-88F7-072BA570F997}"
	ProjectSection(ProjectDependencies) = postProject
		{50B78623-FCF4-48AF-93FF-FA87C937028F} = {50B78623-FCF4-48AF-93FF-FA87C937028F}
	EndProjectSection
EndProject
Project("{FAE04EC0-301F-11D3-BF4B-00C04F79EFBC}") = "PSC", "Public\Modules\Output\PSC\PSC\PSC.csproj", "{0A94E357-EC2B-4B72-895F-1F7907D846D4}"
	ProjectSection(ProjectDependencies) = postProject
		{50B78623-FCF4-48AF-93FF-FA87C937028F} = {50B78623-FCF4-48AF-93FF-FA87C937028F}
	EndProjectSection
EndProject
Project("{FAE04EC0-301F-11D3-BF4B-00C04F79EFBC}") = "SetPosition", "Public\Modules\Effect\SetPosition\SetPosition\SetPosition.csproj", "{6FC75CE5-8D88-4A0D-A0C7-B6F85ED6B7A2}"
	ProjectSection(ProjectDependencies) = postProject
		{50B78623-FCF4-48AF-93FF-FA87C937028F} = {50B78623-FCF4-48AF-93FF-FA87C937028F}
	EndProjectSection
EndProject
Project("{FAE04EC0-301F-11D3-BF4B-00C04F79EFBC}") = "Hill320", "Public\Modules\Output\Hill320\Hill320.csproj", "{8791C204-4BFE-4D65-AA9F-837B2C8B7B65}"
	ProjectSection(ProjectDependencies) = postProject
		{50B78623-FCF4-48AF-93FF-FA87C937028F} = {50B78623-FCF4-48AF-93FF-FA87C937028F}
	EndProjectSection
EndProject
Project("{FAE04EC0-301F-11D3-BF4B-00C04F79EFBC}") = "BasicInputManagement", "Public\Common\BasicInputManagement\BasicInputManagement.csproj", "{4B448396-DF5D-4864-A133-7A0AA69CA028}"
	ProjectSection(ProjectDependencies) = postProject
		{50B78623-FCF4-48AF-93FF-FA87C937028F} = {50B78623-FCF4-48AF-93FF-FA87C937028F}
	EndProjectSection
EndProject
Project("{2150E333-8FDC-42A3-9474-1A3956D46DE8}") = "RuntimeBehavior", "RuntimeBehavior", "{9C03E0DA-6464-4AF2-A9B8-223114A2A2AA}"
EndProject
Project("{FAE04EC0-301F-11D3-BF4B-00C04F79EFBC}") = "Recording", "Public\Modules\RuntimeBehavior\Recording\Recording.csproj", "{A1B55A53-64C2-464A-923A-13059F0852CD}"
	ProjectSection(ProjectDependencies) = postProject
		{50B78623-FCF4-48AF-93FF-FA87C937028F} = {50B78623-FCF4-48AF-93FF-FA87C937028F}
	EndProjectSection
EndProject
Project("{2150E333-8FDC-42A3-9474-1A3956D46DE8}") = "SequenceFilter", "SequenceFilter", "{3503C3B1-AD83-405E-9776-2DE1D3B8075F}"
EndProject
Project("{2150E333-8FDC-42A3-9474-1A3956D46DE8}") = "OutputFilter", "OutputFilter", "{EC3DEE21-95FE-46E0-B34D-86D86361517D}"
EndProject
Project("{FAE04EC0-301F-11D3-BF4B-00C04F79EFBC}") = "FadeOut", "Public\Modules\PreFilter\FadeOut\FadeOut.csproj", "{76641C50-FFDA-4690-8DB5-84CCA417B29D}"
	ProjectSection(ProjectDependencies) = postProject
		{50B78623-FCF4-48AF-93FF-FA87C937028F} = {50B78623-FCF4-48AF-93FF-FA87C937028F}
	EndProjectSection
EndProject
Project("{FAE04EC0-301F-11D3-BF4B-00C04F79EFBC}") = "Color", "Public\Modules\PostFilter\Color\Color.csproj", "{96C7D2AB-DBE9-4DA1-8EC5-2D37E083D3C0}"
	ProjectSection(ProjectDependencies) = postProject
		{50B78623-FCF4-48AF-93FF-FA87C937028F} = {50B78623-FCF4-48AF-93FF-FA87C937028F}
	EndProjectSection
EndProject
Project("{2150E333-8FDC-42A3-9474-1A3956D46DE8}") = "Preview", "Preview", "{741290E1-6A59-4AA2-90D0-CB39B7448BA7}"
EndProject
Project("{FAE04EC0-301F-11D3-BF4B-00C04F79EFBC}") = "TestPreview", "Public\Modules\Preview\TestPreview\TestPreview.csproj", "{36FDE8F1-D02F-4B8D-968E-B61309D4EB50}"
	ProjectSection(ProjectDependencies) = postProject
		{50B78623-FCF4-48AF-93FF-FA87C937028F} = {50B78623-FCF4-48AF-93FF-FA87C937028F}
	EndProjectSection
EndProject
Project("{2150E333-8FDC-42A3-9474-1A3956D46DE8}") = "SmartController", "SmartController", "{80441E64-01CE-4DA2-84A8-A51B8EFFF47E}"
EndProject
Project("{FAE04EC0-301F-11D3-BF4B-00C04F79EFBC}") = "BaseSequence", "Public\Common\BaseSequence\BaseSequence.csproj", "{8D6C81FD-5117-414A-8985-7BD5AA0F5135}"
	ProjectSection(ProjectDependencies) = postProject
		{50B78623-FCF4-48AF-93FF-FA87C937028F} = {50B78623-FCF4-48AF-93FF-FA87C937028F}
	EndProjectSection
EndProject
Project("{FAE04EC0-301F-11D3-BF4B-00C04F79EFBC}") = "CSharp", "Public\Modules\Script\CSharp\CSharp.csproj", "{F6793227-9C45-4C01-A5F1-E30131CE22A0}"
	ProjectSection(ProjectDependencies) = postProject
		{50B78623-FCF4-48AF-93FF-FA87C937028F} = {50B78623-FCF4-48AF-93FF-FA87C937028F}
	EndProjectSection
EndProject
Project("{FAE04EC0-301F-11D3-BF4B-00C04F79EFBC}") = "VB", "Public\Modules\Script\VB\VB.csproj", "{FD4FFE48-DE2F-43B6-B1C0-D4CE61342AE1}"
	ProjectSection(ProjectDependencies) = postProject
		{50B78623-FCF4-48AF-93FF-FA87C937028F} = {50B78623-FCF4-48AF-93FF-FA87C937028F}
	EndProjectSection
EndProject
Project("{FAE04EC0-301F-11D3-BF4B-00C04F79EFBC}") = "Script", "Public\Modules\Sequence\Script\Script.csproj", "{68B02FFD-EC04-4705-A9FC-B379EC7CB52F}"
	ProjectSection(ProjectDependencies) = postProject
		{50B78623-FCF4-48AF-93FF-FA87C937028F} = {50B78623-FCF4-48AF-93FF-FA87C937028F}
	EndProjectSection
EndProject
Project("{FAE04EC0-301F-11D3-BF4B-00C04F79EFBC}") = "ScriptEditor", "Public\Modules\Editor\ScriptEditor\ScriptEditor.csproj", "{7AEAE45A-C9F4-4029-BA5A-29742505F8A5}"
	ProjectSection(ProjectDependencies) = postProject
		{50B78623-FCF4-48AF-93FF-FA87C937028F} = {50B78623-FCF4-48AF-93FF-FA87C937028F}
	EndProjectSection
EndProject
Project("{FAE04EC0-301F-11D3-BF4B-00C04F79EFBC}") = "ScriptSequence", "Public\Common\ScriptSequence\ScriptSequence.csproj", "{35FF71CD-8870-4D5F-920D-D121E35AB6F8}"
	ProjectSection(ProjectDependencies) = postProject
		{50B78623-FCF4-48AF-93FF-FA87C937028F} = {50B78623-FCF4-48AF-93FF-FA87C937028F}
	EndProjectSection
EndProject
Project("{FAE04EC0-301F-11D3-BF4B-00C04F79EFBC}") = "Controls", "Public\Common\Controls\Controls.csproj", "{A54FB6A1-A9C3-488C-B961-41B8DBC81B36}"
	ProjectSection(ProjectDependencies) = postProject
		{50B78623-FCF4-48AF-93FF-FA87C937028F} = {50B78623-FCF4-48AF-93FF-FA87C937028F}
	EndProjectSection
EndProject
Project("{2150E333-8FDC-42A3-9474-1A3956D46DE8}") = "Application", "Application", "{C64A0DA3-349F-4D36-A434-9F6DCC1410DB}"
EndProject
Project("{FAE04EC0-301F-11D3-BF4B-00C04F79EFBC}") = "VixenApplication", "Public\Application\VixenApplication\VixenApplication.csproj", "{2572F3DF-7CF2-4B6C-9FC2-8E11D0BC08D6}"
	ProjectSection(ProjectDependencies) = postProject
		{50B78623-FCF4-48AF-93FF-FA87C937028F} = {50B78623-FCF4-48AF-93FF-FA87C937028F}
	EndProjectSection
EndProject
Project("{2150E333-8FDC-42A3-9474-1A3956D46DE8}") = "Service", "Service", "{0DD0A5D8-93C7-46D9-BE36-878CAF59D52F}"
EndProject
Project("{FAE04EC0-301F-11D3-BF4B-00C04F79EFBC}") = "Grid", "Public\Modules\Property\Grid\Grid.csproj", "{5DC36B2F-09DF-414C-8B50-2973CFB0652F}"
	ProjectSection(ProjectDependencies) = postProject
		{50B78623-FCF4-48AF-93FF-FA87C937028F} = {50B78623-FCF4-48AF-93FF-FA87C937028F}
	EndProjectSection
EndProject
Project("{FAE04EC0-301F-11D3-BF4B-00C04F79EFBC}") = "ImageGrid", "Public\Modules\Effect\ImageGrid\ImageGrid.csproj", "{7DDEE3CF-FD55-4C62-9E7A-9B68CB69F828}"
	ProjectSection(ProjectDependencies) = postProject
		{50B78623-FCF4-48AF-93FF-FA87C937028F} = {50B78623-FCF4-48AF-93FF-FA87C937028F}
	EndProjectSection
EndProject
Project("{FAE04EC0-301F-11D3-BF4B-00C04F79EFBC}") = "FilePathTypeEditor", "Public\Modules\EffectEditor\FilePathTypeEditor\FilePathTypeEditor.csproj", "{EEAF8E98-6BE9-40AB-B3BF-A60AAF20B3C5}"
	ProjectSection(ProjectDependencies) = postProject
		{50B78623-FCF4-48AF-93FF-FA87C937028F} = {50B78623-FCF4-48AF-93FF-FA87C937028F}
	EndProjectSection
EndProject
Project("{2150E333-8FDC-42A3-9474-1A3956D46DE8}") = "NShape", "NShape", "{B21B530A-394C-4A30-8325-FB859613FAA5}"
EndProject
Project("{FAE04EC0-301F-11D3-BF4B-00C04F79EFBC}") = "NShape", "Public\Common\NShape\Core\NShape.csproj", "{9EFE1059-E2DC-4576-B9E3-4AE3F998CB28}"
EndProject
Project("{FAE04EC0-301F-11D3-BF4B-00C04F79EFBC}") = "NShapeGeneralShapes", "Public\Common\NShape\GeneralShapes\NShapeGeneralShapes.csproj", "{1272F77E-D926-4310-AE8B-858909B10F0C}"
EndProject
Project("{FAE04EC0-301F-11D3-BF4B-00C04F79EFBC}") = "NShapeWinFormsUI", "Public\Common\NShape\WinFormsUI\NShapeWinFormsUI.csproj", "{5EAB131C-1C93-4C3F-A1D8-D711053DE33C}"
EndProject
Project("{FAE04EC0-301F-11D3-BF4B-00C04F79EFBC}") = "Candle", "Public\Modules\Effect\Candle\Candle.csproj", "{DAAD1EF0-61DF-412D-A6B5-393E81BC314B}"
EndProject
Project("{FAE04EC0-301F-11D3-BF4B-00C04F79EFBC}") = "IntUpDownEditor", "Public\Modules\effecteditor\IntUpDownEditor\IntUpDownEditor.csproj", "{DA54AEAB-9F36-4075-86E3-3BE8ECE5C60D}"
EndProject
Project("{FAE04EC0-301F-11D3-BF4B-00C04F79EFBC}") = "ValueTypes", "Public\Common\ValueTypes\ValueTypes.csproj", "{D9A7E8BC-5617-486D-9DA5-89C5861A0F88}"
EndProject
Project("{FAE04EC0-301F-11D3-BF4B-00C04F79EFBC}") = "PercentageTypeEditor", "Public\Modules\effecteditor\PercentageTypeEditor\PercentageTypeEditor.csproj", "{87E342D5-C950-4788-A748-3408F8FF33BB}"
EndProject
Global
	GlobalSection(TestCaseManagementSettings) = postSolution
		CategoryFile = Everything.vsmdi
	EndGlobalSection
	GlobalSection(SolutionConfigurationPlatforms) = preSolution
		Debug|Any CPU = Debug|Any CPU
		Release|Any CPU = Release|Any CPU
	EndGlobalSection
	GlobalSection(ProjectConfigurationPlatforms) = postSolution
		{50B78623-FCF4-48AF-93FF-FA87C937028F}.Debug|Any CPU.ActiveCfg = Debug|Any CPU
		{50B78623-FCF4-48AF-93FF-FA87C937028F}.Debug|Any CPU.Build.0 = Debug|Any CPU
		{50B78623-FCF4-48AF-93FF-FA87C937028F}.Release|Any CPU.ActiveCfg = Release|Any CPU
		{50B78623-FCF4-48AF-93FF-FA87C937028F}.Release|Any CPU.Build.0 = Release|Any CPU
		{1B189B36-02AF-4A57-9E1B-6DC833212725}.Debug|Any CPU.ActiveCfg = Debug|Any CPU
		{1B189B36-02AF-4A57-9E1B-6DC833212725}.Debug|Any CPU.Build.0 = Debug|Any CPU
		{1B189B36-02AF-4A57-9E1B-6DC833212725}.Release|Any CPU.ActiveCfg = Release|Any CPU
		{1B189B36-02AF-4A57-9E1B-6DC833212725}.Release|Any CPU.Build.0 = Release|Any CPU
		{F0BA7127-61B4-453A-802B-ABCB5A0D3D54}.Debug|Any CPU.ActiveCfg = Debug|Any CPU
		{F0BA7127-61B4-453A-802B-ABCB5A0D3D54}.Debug|Any CPU.Build.0 = Debug|Any CPU
		{F0BA7127-61B4-453A-802B-ABCB5A0D3D54}.Release|Any CPU.ActiveCfg = Release|Any CPU
		{F0BA7127-61B4-453A-802B-ABCB5A0D3D54}.Release|Any CPU.Build.0 = Release|Any CPU
		{47EA8E72-BEAB-44D0-893D-8F184FCFEF31}.Debug|Any CPU.ActiveCfg = Debug|Any CPU
		{47EA8E72-BEAB-44D0-893D-8F184FCFEF31}.Debug|Any CPU.Build.0 = Debug|Any CPU
		{47EA8E72-BEAB-44D0-893D-8F184FCFEF31}.Release|Any CPU.ActiveCfg = Release|Any CPU
		{47EA8E72-BEAB-44D0-893D-8F184FCFEF31}.Release|Any CPU.Build.0 = Release|Any CPU
		{A815A79E-305D-4167-A0BC-FFA590BB4644}.Debug|Any CPU.ActiveCfg = Debug|Any CPU
		{A815A79E-305D-4167-A0BC-FFA590BB4644}.Debug|Any CPU.Build.0 = Debug|Any CPU
		{A815A79E-305D-4167-A0BC-FFA590BB4644}.Release|Any CPU.ActiveCfg = Release|Any CPU
		{A815A79E-305D-4167-A0BC-FFA590BB4644}.Release|Any CPU.Build.0 = Release|Any CPU
		{8910163E-A2A3-4F8B-B5D8-0E311166B8BA}.Debug|Any CPU.ActiveCfg = Debug|Any CPU
		{8910163E-A2A3-4F8B-B5D8-0E311166B8BA}.Debug|Any CPU.Build.0 = Debug|Any CPU
		{8910163E-A2A3-4F8B-B5D8-0E311166B8BA}.Release|Any CPU.ActiveCfg = Release|Any CPU
		{8910163E-A2A3-4F8B-B5D8-0E311166B8BA}.Release|Any CPU.Build.0 = Release|Any CPU
		{4ADC4F0D-2F3B-4F4D-A5FC-C6AEB6B222CE}.Debug|Any CPU.ActiveCfg = Debug|Any CPU
		{4ADC4F0D-2F3B-4F4D-A5FC-C6AEB6B222CE}.Debug|Any CPU.Build.0 = Debug|Any CPU
		{4ADC4F0D-2F3B-4F4D-A5FC-C6AEB6B222CE}.Release|Any CPU.ActiveCfg = Release|Any CPU
		{4ADC4F0D-2F3B-4F4D-A5FC-C6AEB6B222CE}.Release|Any CPU.Build.0 = Release|Any CPU
		{2149D717-7256-477B-BEC5-F9E7E6E93885}.Debug|Any CPU.ActiveCfg = Debug|Any CPU
		{2149D717-7256-477B-BEC5-F9E7E6E93885}.Debug|Any CPU.Build.0 = Debug|Any CPU
		{2149D717-7256-477B-BEC5-F9E7E6E93885}.Release|Any CPU.ActiveCfg = Release|Any CPU
		{2149D717-7256-477B-BEC5-F9E7E6E93885}.Release|Any CPU.Build.0 = Release|Any CPU
		{45E1228A-F714-41D5-BB9B-A776F2B23143}.Debug|Any CPU.ActiveCfg = Debug|Any CPU
		{45E1228A-F714-41D5-BB9B-A776F2B23143}.Debug|Any CPU.Build.0 = Debug|Any CPU
		{45E1228A-F714-41D5-BB9B-A776F2B23143}.Release|Any CPU.ActiveCfg = Release|Any CPU
		{45E1228A-F714-41D5-BB9B-A776F2B23143}.Release|Any CPU.Build.0 = Release|Any CPU
		{D5B54EEF-5D27-4E30-9073-847C9996C552}.Debug|Any CPU.ActiveCfg = Debug|Any CPU
		{D5B54EEF-5D27-4E30-9073-847C9996C552}.Debug|Any CPU.Build.0 = Debug|Any CPU
		{D5B54EEF-5D27-4E30-9073-847C9996C552}.Release|Any CPU.ActiveCfg = Release|Any CPU
		{D5B54EEF-5D27-4E30-9073-847C9996C552}.Release|Any CPU.Build.0 = Release|Any CPU
		{34DF4090-8439-416F-A719-A74430E4E0C0}.Debug|Any CPU.ActiveCfg = Debug|Any CPU
		{34DF4090-8439-416F-A719-A74430E4E0C0}.Debug|Any CPU.Build.0 = Debug|Any CPU
		{34DF4090-8439-416F-A719-A74430E4E0C0}.Release|Any CPU.ActiveCfg = Release|Any CPU
		{34DF4090-8439-416F-A719-A74430E4E0C0}.Release|Any CPU.Build.0 = Release|Any CPU
		{3B7309D6-5D6A-4265-A0B9-B65E0DDFCB12}.Debug|Any CPU.ActiveCfg = Debug|Any CPU
		{3B7309D6-5D6A-4265-A0B9-B65E0DDFCB12}.Debug|Any CPU.Build.0 = Debug|Any CPU
		{3B7309D6-5D6A-4265-A0B9-B65E0DDFCB12}.Release|Any CPU.ActiveCfg = Release|Any CPU
		{3B7309D6-5D6A-4265-A0B9-B65E0DDFCB12}.Release|Any CPU.Build.0 = Release|Any CPU
		{48CF28EC-8DC9-44F8-A258-BD264DF187D9}.Debug|Any CPU.ActiveCfg = Debug|Any CPU
		{48CF28EC-8DC9-44F8-A258-BD264DF187D9}.Debug|Any CPU.Build.0 = Debug|Any CPU
		{48CF28EC-8DC9-44F8-A258-BD264DF187D9}.Release|Any CPU.ActiveCfg = Release|Any CPU
		{48CF28EC-8DC9-44F8-A258-BD264DF187D9}.Release|Any CPU.Build.0 = Release|Any CPU
		{5FE12EE4-49CB-4008-9A30-96960704A9C5}.Debug|Any CPU.ActiveCfg = Debug|Any CPU
		{5FE12EE4-49CB-4008-9A30-96960704A9C5}.Debug|Any CPU.Build.0 = Debug|Any CPU
		{5FE12EE4-49CB-4008-9A30-96960704A9C5}.Release|Any CPU.ActiveCfg = Release|Any CPU
		{5FE12EE4-49CB-4008-9A30-96960704A9C5}.Release|Any CPU.Build.0 = Release|Any CPU
		{3A2B3153-2B4B-4EC4-B85F-A824682CC054}.Debug|Any CPU.ActiveCfg = Debug|Any CPU
		{3A2B3153-2B4B-4EC4-B85F-A824682CC054}.Debug|Any CPU.Build.0 = Debug|Any CPU
		{3A2B3153-2B4B-4EC4-B85F-A824682CC054}.Release|Any CPU.ActiveCfg = Release|Any CPU
		{3A2B3153-2B4B-4EC4-B85F-A824682CC054}.Release|Any CPU.Build.0 = Release|Any CPU
		{4243BA4C-6371-4DD1-8A1D-675BED5322AF}.Debug|Any CPU.ActiveCfg = Debug|Any CPU
		{4243BA4C-6371-4DD1-8A1D-675BED5322AF}.Debug|Any CPU.Build.0 = Debug|Any CPU
		{4243BA4C-6371-4DD1-8A1D-675BED5322AF}.Release|Any CPU.ActiveCfg = Release|Any CPU
		{4243BA4C-6371-4DD1-8A1D-675BED5322AF}.Release|Any CPU.Build.0 = Release|Any CPU
		{6B152433-894B-4CFB-AD22-48D10D5024C3}.Debug|Any CPU.ActiveCfg = Debug|Any CPU
		{6B152433-894B-4CFB-AD22-48D10D5024C3}.Debug|Any CPU.Build.0 = Debug|Any CPU
		{6B152433-894B-4CFB-AD22-48D10D5024C3}.Release|Any CPU.ActiveCfg = Release|Any CPU
		{4D474A34-9319-4439-A35E-98B5C2AFE3DC}.Debug|Any CPU.ActiveCfg = Debug|Any CPU
		{4D474A34-9319-4439-A35E-98B5C2AFE3DC}.Debug|Any CPU.Build.0 = Debug|Any CPU
		{4D474A34-9319-4439-A35E-98B5C2AFE3DC}.Release|Any CPU.ActiveCfg = Release|Any CPU
		{4D474A34-9319-4439-A35E-98B5C2AFE3DC}.Release|Any CPU.Build.0 = Release|Any CPU
		{56296134-41F2-4B20-95FC-6EB3049CFFEB}.Debug|Any CPU.ActiveCfg = Debug|Any CPU
		{56296134-41F2-4B20-95FC-6EB3049CFFEB}.Debug|Any CPU.Build.0 = Debug|Any CPU
		{56296134-41F2-4B20-95FC-6EB3049CFFEB}.Release|Any CPU.ActiveCfg = Release|Any CPU
		{56296134-41F2-4B20-95FC-6EB3049CFFEB}.Release|Any CPU.Build.0 = Release|Any CPU
		{27EC771C-D03C-4C94-915B-E18E33CB6C43}.Debug|Any CPU.ActiveCfg = Debug|Any CPU
		{27EC771C-D03C-4C94-915B-E18E33CB6C43}.Debug|Any CPU.Build.0 = Debug|Any CPU
		{27EC771C-D03C-4C94-915B-E18E33CB6C43}.Release|Any CPU.ActiveCfg = Release|Any CPU
		{27EC771C-D03C-4C94-915B-E18E33CB6C43}.Release|Any CPU.Build.0 = Release|Any CPU
		{F96BC815-74DA-49A3-9587-407DA95840DB}.Debug|Any CPU.ActiveCfg = Debug|Any CPU
		{F96BC815-74DA-49A3-9587-407DA95840DB}.Debug|Any CPU.Build.0 = Debug|Any CPU
		{F96BC815-74DA-49A3-9587-407DA95840DB}.Release|Any CPU.ActiveCfg = Release|Any CPU
		{F96BC815-74DA-49A3-9587-407DA95840DB}.Release|Any CPU.Build.0 = Release|Any CPU
		{0E837648-DBDE-4B83-84EB-D4095D60DE5F}.Debug|Any CPU.ActiveCfg = Debug|Any CPU
		{0E837648-DBDE-4B83-84EB-D4095D60DE5F}.Debug|Any CPU.Build.0 = Debug|Any CPU
		{0E837648-DBDE-4B83-84EB-D4095D60DE5F}.Release|Any CPU.ActiveCfg = Release|Any CPU
		{0E837648-DBDE-4B83-84EB-D4095D60DE5F}.Release|Any CPU.Build.0 = Release|Any CPU
		{30B3A665-8CAB-4327-83D1-3815A265EA6B}.Debug|Any CPU.ActiveCfg = Debug|Any CPU
		{30B3A665-8CAB-4327-83D1-3815A265EA6B}.Debug|Any CPU.Build.0 = Debug|Any CPU
		{30B3A665-8CAB-4327-83D1-3815A265EA6B}.Release|Any CPU.ActiveCfg = Release|Any CPU
		{30B3A665-8CAB-4327-83D1-3815A265EA6B}.Release|Any CPU.Build.0 = Release|Any CPU
		{8D3DB6A3-647A-4A57-AE68-D3E2EB0A7A8F}.Debug|Any CPU.ActiveCfg = Debug|Any CPU
		{8D3DB6A3-647A-4A57-AE68-D3E2EB0A7A8F}.Debug|Any CPU.Build.0 = Debug|Any CPU
		{8D3DB6A3-647A-4A57-AE68-D3E2EB0A7A8F}.Release|Any CPU.ActiveCfg = Release|Any CPU
		{8D3DB6A3-647A-4A57-AE68-D3E2EB0A7A8F}.Release|Any CPU.Build.0 = Release|Any CPU
		{BBCE89B7-AFD8-48D6-A368-AD87D3BE0A68}.Debug|Any CPU.ActiveCfg = Debug|Any CPU
		{BBCE89B7-AFD8-48D6-A368-AD87D3BE0A68}.Debug|Any CPU.Build.0 = Debug|Any CPU
		{BBCE89B7-AFD8-48D6-A368-AD87D3BE0A68}.Release|Any CPU.ActiveCfg = Release|Any CPU
		{BBCE89B7-AFD8-48D6-A368-AD87D3BE0A68}.Release|Any CPU.Build.0 = Release|Any CPU
		{4FF97A6E-2376-4257-B45F-A88D6EB441ED}.Debug|Any CPU.ActiveCfg = Debug|Any CPU
		{4FF97A6E-2376-4257-B45F-A88D6EB441ED}.Debug|Any CPU.Build.0 = Debug|Any CPU
		{4FF97A6E-2376-4257-B45F-A88D6EB441ED}.Release|Any CPU.ActiveCfg = Release|Any CPU
		{14D6531E-D56E-4A11-93FE-01119001E7E6}.Debug|Any CPU.ActiveCfg = Debug|Any CPU
		{14D6531E-D56E-4A11-93FE-01119001E7E6}.Debug|Any CPU.Build.0 = Debug|Any CPU
		{14D6531E-D56E-4A11-93FE-01119001E7E6}.Release|Any CPU.ActiveCfg = Release|Any CPU
		{14D6531E-D56E-4A11-93FE-01119001E7E6}.Release|Any CPU.Build.0 = Release|Any CPU
		{A10F47EE-E097-48EF-A9E5-BE0BD83D9CF3}.Debug|Any CPU.ActiveCfg = Debug|Any CPU
		{A10F47EE-E097-48EF-A9E5-BE0BD83D9CF3}.Debug|Any CPU.Build.0 = Debug|Any CPU
		{A10F47EE-E097-48EF-A9E5-BE0BD83D9CF3}.Release|Any CPU.ActiveCfg = Release|Any CPU
		{3D42FC86-9EA6-4D6B-8E4A-1F4EE1A1D8B5}.Debug|Any CPU.ActiveCfg = Debug|Any CPU
		{3D42FC86-9EA6-4D6B-8E4A-1F4EE1A1D8B5}.Debug|Any CPU.Build.0 = Debug|Any CPU
		{3D42FC86-9EA6-4D6B-8E4A-1F4EE1A1D8B5}.Release|Any CPU.ActiveCfg = Release|Any CPU
		{BD18AB57-1ABF-4C5B-A3F6-8B4AC6013C36}.Debug|Any CPU.ActiveCfg = Debug|Any CPU
		{BD18AB57-1ABF-4C5B-A3F6-8B4AC6013C36}.Release|Any CPU.ActiveCfg = Release|Any CPU
		{1B0458F3-7668-4D71-A63E-88BEFC03925C}.Debug|Any CPU.ActiveCfg = Debug|Any CPU
		{1B0458F3-7668-4D71-A63E-88BEFC03925C}.Debug|Any CPU.Build.0 = Debug|Any CPU
		{1B0458F3-7668-4D71-A63E-88BEFC03925C}.Release|Any CPU.ActiveCfg = Release|Any CPU
		{37FE2E42-50DA-4973-88F7-072BA570F997}.Debug|Any CPU.ActiveCfg = Debug|Any CPU
		{37FE2E42-50DA-4973-88F7-072BA570F997}.Release|Any CPU.ActiveCfg = Release|Any CPU
		{0A94E357-EC2B-4B72-895F-1F7907D846D4}.Debug|Any CPU.ActiveCfg = Debug|Any CPU
		{0A94E357-EC2B-4B72-895F-1F7907D846D4}.Debug|Any CPU.Build.0 = Debug|Any CPU
		{0A94E357-EC2B-4B72-895F-1F7907D846D4}.Release|Any CPU.ActiveCfg = Release|Any CPU
		{0A94E357-EC2B-4B72-895F-1F7907D846D4}.Release|Any CPU.Build.0 = Release|Any CPU
		{6FC75CE5-8D88-4A0D-A0C7-B6F85ED6B7A2}.Debug|Any CPU.ActiveCfg = Debug|Any CPU
		{6FC75CE5-8D88-4A0D-A0C7-B6F85ED6B7A2}.Release|Any CPU.ActiveCfg = Release|Any CPU
		{6FC75CE5-8D88-4A0D-A0C7-B6F85ED6B7A2}.Release|Any CPU.Build.0 = Release|Any CPU
		{8791C204-4BFE-4D65-AA9F-837B2C8B7B65}.Debug|Any CPU.ActiveCfg = Debug|Any CPU
		{8791C204-4BFE-4D65-AA9F-837B2C8B7B65}.Debug|Any CPU.Build.0 = Debug|Any CPU
		{8791C204-4BFE-4D65-AA9F-837B2C8B7B65}.Release|Any CPU.ActiveCfg = Release|Any CPU
		{8791C204-4BFE-4D65-AA9F-837B2C8B7B65}.Release|Any CPU.Build.0 = Release|Any CPU
		{4B448396-DF5D-4864-A133-7A0AA69CA028}.Debug|Any CPU.ActiveCfg = Debug|Any CPU
		{4B448396-DF5D-4864-A133-7A0AA69CA028}.Debug|Any CPU.Build.0 = Debug|Any CPU
		{4B448396-DF5D-4864-A133-7A0AA69CA028}.Release|Any CPU.ActiveCfg = Release|Any CPU
		{A1B55A53-64C2-464A-923A-13059F0852CD}.Debug|Any CPU.ActiveCfg = Debug|Any CPU
		{A1B55A53-64C2-464A-923A-13059F0852CD}.Debug|Any CPU.Build.0 = Debug|Any CPU
		{A1B55A53-64C2-464A-923A-13059F0852CD}.Release|Any CPU.ActiveCfg = Release|Any CPU
		{76641C50-FFDA-4690-8DB5-84CCA417B29D}.Debug|Any CPU.ActiveCfg = Debug|Any CPU
		{76641C50-FFDA-4690-8DB5-84CCA417B29D}.Debug|Any CPU.Build.0 = Debug|Any CPU
		{76641C50-FFDA-4690-8DB5-84CCA417B29D}.Release|Any CPU.ActiveCfg = Release|Any CPU
		{76641C50-FFDA-4690-8DB5-84CCA417B29D}.Release|Any CPU.Build.0 = Release|Any CPU
		{96C7D2AB-DBE9-4DA1-8EC5-2D37E083D3C0}.Debug|Any CPU.ActiveCfg = Debug|Any CPU
		{96C7D2AB-DBE9-4DA1-8EC5-2D37E083D3C0}.Debug|Any CPU.Build.0 = Debug|Any CPU
		{96C7D2AB-DBE9-4DA1-8EC5-2D37E083D3C0}.Release|Any CPU.ActiveCfg = Release|Any CPU
		{36FDE8F1-D02F-4B8D-968E-B61309D4EB50}.Debug|Any CPU.ActiveCfg = Debug|Any CPU
		{36FDE8F1-D02F-4B8D-968E-B61309D4EB50}.Release|Any CPU.ActiveCfg = Release|Any CPU
		{8D6C81FD-5117-414A-8985-7BD5AA0F5135}.Debug|Any CPU.ActiveCfg = Debug|Any CPU
		{8D6C81FD-5117-414A-8985-7BD5AA0F5135}.Debug|Any CPU.Build.0 = Debug|Any CPU
		{8D6C81FD-5117-414A-8985-7BD5AA0F5135}.Release|Any CPU.ActiveCfg = Release|Any CPU
		{8D6C81FD-5117-414A-8985-7BD5AA0F5135}.Release|Any CPU.Build.0 = Release|Any CPU
		{F6793227-9C45-4C01-A5F1-E30131CE22A0}.Debug|Any CPU.ActiveCfg = Debug|Any CPU
		{F6793227-9C45-4C01-A5F1-E30131CE22A0}.Debug|Any CPU.Build.0 = Debug|Any CPU
		{F6793227-9C45-4C01-A5F1-E30131CE22A0}.Release|Any CPU.ActiveCfg = Release|Any CPU
		{F6793227-9C45-4C01-A5F1-E30131CE22A0}.Release|Any CPU.Build.0 = Release|Any CPU
		{FD4FFE48-DE2F-43B6-B1C0-D4CE61342AE1}.Debug|Any CPU.ActiveCfg = Debug|Any CPU
		{FD4FFE48-DE2F-43B6-B1C0-D4CE61342AE1}.Debug|Any CPU.Build.0 = Debug|Any CPU
		{FD4FFE48-DE2F-43B6-B1C0-D4CE61342AE1}.Release|Any CPU.ActiveCfg = Release|Any CPU
		{FD4FFE48-DE2F-43B6-B1C0-D4CE61342AE1}.Release|Any CPU.Build.0 = Release|Any CPU
		{68B02FFD-EC04-4705-A9FC-B379EC7CB52F}.Debug|Any CPU.ActiveCfg = Debug|Any CPU
		{68B02FFD-EC04-4705-A9FC-B379EC7CB52F}.Debug|Any CPU.Build.0 = Debug|Any CPU
		{68B02FFD-EC04-4705-A9FC-B379EC7CB52F}.Release|Any CPU.ActiveCfg = Release|Any CPU
		{68B02FFD-EC04-4705-A9FC-B379EC7CB52F}.Release|Any CPU.Build.0 = Release|Any CPU
		{7AEAE45A-C9F4-4029-BA5A-29742505F8A5}.Debug|Any CPU.ActiveCfg = Debug|Any CPU
		{7AEAE45A-C9F4-4029-BA5A-29742505F8A5}.Debug|Any CPU.Build.0 = Debug|Any CPU
		{7AEAE45A-C9F4-4029-BA5A-29742505F8A5}.Release|Any CPU.ActiveCfg = Release|Any CPU
		{7AEAE45A-C9F4-4029-BA5A-29742505F8A5}.Release|Any CPU.Build.0 = Release|Any CPU
		{35FF71CD-8870-4D5F-920D-D121E35AB6F8}.Debug|Any CPU.ActiveCfg = Debug|Any CPU
		{35FF71CD-8870-4D5F-920D-D121E35AB6F8}.Debug|Any CPU.Build.0 = Debug|Any CPU
		{35FF71CD-8870-4D5F-920D-D121E35AB6F8}.Release|Any CPU.ActiveCfg = Release|Any CPU
		{35FF71CD-8870-4D5F-920D-D121E35AB6F8}.Release|Any CPU.Build.0 = Release|Any CPU
		{A54FB6A1-A9C3-488C-B961-41B8DBC81B36}.Debug|Any CPU.ActiveCfg = Debug|Any CPU
		{A54FB6A1-A9C3-488C-B961-41B8DBC81B36}.Debug|Any CPU.Build.0 = Debug|Any CPU
		{A54FB6A1-A9C3-488C-B961-41B8DBC81B36}.Release|Any CPU.ActiveCfg = Release|Any CPU
		{A54FB6A1-A9C3-488C-B961-41B8DBC81B36}.Release|Any CPU.Build.0 = Release|Any CPU
		{2572F3DF-7CF2-4B6C-9FC2-8E11D0BC08D6}.Debug|Any CPU.ActiveCfg = Debug|Any CPU
		{2572F3DF-7CF2-4B6C-9FC2-8E11D0BC08D6}.Debug|Any CPU.Build.0 = Debug|Any CPU
		{2572F3DF-7CF2-4B6C-9FC2-8E11D0BC08D6}.Release|Any CPU.ActiveCfg = Release|Any CPU
		{2572F3DF-7CF2-4B6C-9FC2-8E11D0BC08D6}.Release|Any CPU.Build.0 = Release|Any CPU
		{5DC36B2F-09DF-414C-8B50-2973CFB0652F}.Debug|Any CPU.ActiveCfg = Debug|Any CPU
		{5DC36B2F-09DF-414C-8B50-2973CFB0652F}.Debug|Any CPU.Build.0 = Debug|Any CPU
		{5DC36B2F-09DF-414C-8B50-2973CFB0652F}.Release|Any CPU.ActiveCfg = Release|Any CPU
		{5DC36B2F-09DF-414C-8B50-2973CFB0652F}.Release|Any CPU.Build.0 = Release|Any CPU
		{7DDEE3CF-FD55-4C62-9E7A-9B68CB69F828}.Debug|Any CPU.ActiveCfg = Debug|Any CPU
		{7DDEE3CF-FD55-4C62-9E7A-9B68CB69F828}.Debug|Any CPU.Build.0 = Debug|Any CPU
		{7DDEE3CF-FD55-4C62-9E7A-9B68CB69F828}.Release|Any CPU.ActiveCfg = Release|Any CPU
		{7DDEE3CF-FD55-4C62-9E7A-9B68CB69F828}.Release|Any CPU.Build.0 = Release|Any CPU
		{EEAF8E98-6BE9-40AB-B3BF-A60AAF20B3C5}.Debug|Any CPU.ActiveCfg = Debug|Any CPU
		{EEAF8E98-6BE9-40AB-B3BF-A60AAF20B3C5}.Debug|Any CPU.Build.0 = Debug|Any CPU
		{EEAF8E98-6BE9-40AB-B3BF-A60AAF20B3C5}.Release|Any CPU.ActiveCfg = Release|Any CPU
		{EEAF8E98-6BE9-40AB-B3BF-A60AAF20B3C5}.Release|Any CPU.Build.0 = Release|Any CPU
		{9EFE1059-E2DC-4576-B9E3-4AE3F998CB28}.Debug|Any CPU.ActiveCfg = Debug|Any CPU
		{9EFE1059-E2DC-4576-B9E3-4AE3F998CB28}.Debug|Any CPU.Build.0 = Debug|Any CPU
		{9EFE1059-E2DC-4576-B9E3-4AE3F998CB28}.Release|Any CPU.ActiveCfg = Release|Any CPU
		{9EFE1059-E2DC-4576-B9E3-4AE3F998CB28}.Release|Any CPU.Build.0 = Release|Any CPU
		{1272F77E-D926-4310-AE8B-858909B10F0C}.Debug|Any CPU.ActiveCfg = Debug|Any CPU
		{1272F77E-D926-4310-AE8B-858909B10F0C}.Debug|Any CPU.Build.0 = Debug|Any CPU
		{1272F77E-D926-4310-AE8B-858909B10F0C}.Release|Any CPU.ActiveCfg = Release|Any CPU
		{1272F77E-D926-4310-AE8B-858909B10F0C}.Release|Any CPU.Build.0 = Release|Any CPU
		{5EAB131C-1C93-4C3F-A1D8-D711053DE33C}.Debug|Any CPU.ActiveCfg = Debug|Any CPU
		{5EAB131C-1C93-4C3F-A1D8-D711053DE33C}.Debug|Any CPU.Build.0 = Debug|Any CPU
		{5EAB131C-1C93-4C3F-A1D8-D711053DE33C}.Release|Any CPU.ActiveCfg = Release|Any CPU
		{5EAB131C-1C93-4C3F-A1D8-D711053DE33C}.Release|Any CPU.Build.0 = Release|Any CPU
		{DAAD1EF0-61DF-412D-A6B5-393E81BC314B}.Debug|Any CPU.ActiveCfg = Debug|Any CPU
		{DAAD1EF0-61DF-412D-A6B5-393E81BC314B}.Debug|Any CPU.Build.0 = Debug|Any CPU
		{DAAD1EF0-61DF-412D-A6B5-393E81BC314B}.Release|Any CPU.ActiveCfg = Release|Any CPU
		{DAAD1EF0-61DF-412D-A6B5-393E81BC314B}.Release|Any CPU.Build.0 = Release|Any CPU
		{DA54AEAB-9F36-4075-86E3-3BE8ECE5C60D}.Debug|Any CPU.ActiveCfg = Debug|Any CPU
		{DA54AEAB-9F36-4075-86E3-3BE8ECE5C60D}.Debug|Any CPU.Build.0 = Debug|Any CPU
		{DA54AEAB-9F36-4075-86E3-3BE8ECE5C60D}.Release|Any CPU.ActiveCfg = Release|Any CPU
		{DA54AEAB-9F36-4075-86E3-3BE8ECE5C60D}.Release|Any CPU.Build.0 = Release|Any CPU
		{D9A7E8BC-5617-486D-9DA5-89C5861A0F88}.Debug|Any CPU.ActiveCfg = Debug|Any CPU
		{D9A7E8BC-5617-486D-9DA5-89C5861A0F88}.Debug|Any CPU.Build.0 = Debug|Any CPU
		{D9A7E8BC-5617-486D-9DA5-89C5861A0F88}.Release|Any CPU.ActiveCfg = Release|Any CPU
		{D9A7E8BC-5617-486D-9DA5-89C5861A0F88}.Release|Any CPU.Build.0 = Release|Any CPU
		{87E342D5-C950-4788-A748-3408F8FF33BB}.Debug|Any CPU.ActiveCfg = Debug|Any CPU
		{87E342D5-C950-4788-A748-3408F8FF33BB}.Debug|Any CPU.Build.0 = Debug|Any CPU
		{87E342D5-C950-4788-A748-3408F8FF33BB}.Release|Any CPU.ActiveCfg = Release|Any CPU
		{87E342D5-C950-4788-A748-3408F8FF33BB}.Release|Any CPU.Build.0 = Release|Any CPU
	EndGlobalSection
	GlobalSection(SolutionProperties) = preSolution
		HideSolutionNode = FALSE
	EndGlobalSection
	GlobalSection(NestedProjects) = preSolution
		{FFEF21BE-17BF-4C68-AE19-409AE444AC53} = {F1B3198B-977F-40CD-85B3-CAA3F5B5C948}
		{25A1ED22-180F-4B61-84FC-55790AA11254} = {F1B3198B-977F-40CD-85B3-CAA3F5B5C948}
		{C64A0DA3-349F-4D36-A434-9F6DCC1410DB} = {F1B3198B-977F-40CD-85B3-CAA3F5B5C948}
		{E301917B-FF08-4275-A4E0-830E2BEC0635} = {FFEF21BE-17BF-4C68-AE19-409AE444AC53}
		{E28B32DB-012C-4B34-A515-0D4D4E8FD7F9} = {FFEF21BE-17BF-4C68-AE19-409AE444AC53}
		{0E86725B-55F2-43AB-96A9-2B9B89BE4473} = {FFEF21BE-17BF-4C68-AE19-409AE444AC53}
		{EBB4D48A-B01C-4200-93A8-7F4B54414536} = {FFEF21BE-17BF-4C68-AE19-409AE444AC53}
		{01824B6E-B567-4974-849B-44A1ABEB4B39} = {FFEF21BE-17BF-4C68-AE19-409AE444AC53}
		{30A09AE0-71AC-4A08-B17A-8D82319068A7} = {FFEF21BE-17BF-4C68-AE19-409AE444AC53}
		{B7892815-5091-468D-8D79-EC631A597C33} = {FFEF21BE-17BF-4C68-AE19-409AE444AC53}
		{C1DD3752-B399-4A45-9E46-D2E128AF6D84} = {FFEF21BE-17BF-4C68-AE19-409AE444AC53}
		{8C3F147E-FAE4-4EB5-AE03-7F82D7DAD7C6} = {FFEF21BE-17BF-4C68-AE19-409AE444AC53}
		{04563307-41A9-4BB8-B13F-B364BE966B85} = {FFEF21BE-17BF-4C68-AE19-409AE444AC53}
		{E61E332D-B9E1-45C4-875A-521031406B07} = {FFEF21BE-17BF-4C68-AE19-409AE444AC53}
		{9C03E0DA-6464-4AF2-A9B8-223114A2A2AA} = {FFEF21BE-17BF-4C68-AE19-409AE444AC53}
		{3503C3B1-AD83-405E-9776-2DE1D3B8075F} = {FFEF21BE-17BF-4C68-AE19-409AE444AC53}
		{EC3DEE21-95FE-46E0-B34D-86D86361517D} = {FFEF21BE-17BF-4C68-AE19-409AE444AC53}
		{741290E1-6A59-4AA2-90D0-CB39B7448BA7} = {FFEF21BE-17BF-4C68-AE19-409AE444AC53}
		{80441E64-01CE-4DA2-84A8-A51B8EFFF47E} = {FFEF21BE-17BF-4C68-AE19-409AE444AC53}
		{0DD0A5D8-93C7-46D9-BE36-878CAF59D52F} = {FFEF21BE-17BF-4C68-AE19-409AE444AC53}
		{1B189B36-02AF-4A57-9E1B-6DC833212725} = {E301917B-FF08-4275-A4E0-830E2BEC0635}
		{F0BA7127-61B4-453A-802B-ABCB5A0D3D54} = {E301917B-FF08-4275-A4E0-830E2BEC0635}
		{6B152433-894B-4CFB-AD22-48D10D5024C3} = {E301917B-FF08-4275-A4E0-830E2BEC0635}
		{30B3A665-8CAB-4327-83D1-3815A265EA6B} = {E301917B-FF08-4275-A4E0-830E2BEC0635}
		{37FE2E42-50DA-4973-88F7-072BA570F997} = {E301917B-FF08-4275-A4E0-830E2BEC0635}
		{47EA8E72-BEAB-44D0-893D-8F184FCFEF31} = {E28B32DB-012C-4B34-A515-0D4D4E8FD7F9}
		{7AEAE45A-C9F4-4029-BA5A-29742505F8A5} = {E28B32DB-012C-4B34-A515-0D4D4E8FD7F9}
		{A815A79E-305D-4167-A0BC-FFA590BB4644} = {0E86725B-55F2-43AB-96A9-2B9B89BE4473}
		{8910163E-A2A3-4F8B-B5D8-0E311166B8BA} = {0E86725B-55F2-43AB-96A9-2B9B89BE4473}
		{4D474A34-9319-4439-A35E-98B5C2AFE3DC} = {0E86725B-55F2-43AB-96A9-2B9B89BE4473}
		{56296134-41F2-4B20-95FC-6EB3049CFFEB} = {0E86725B-55F2-43AB-96A9-2B9B89BE4473}
		{27EC771C-D03C-4C94-915B-E18E33CB6C43} = {0E86725B-55F2-43AB-96A9-2B9B89BE4473}
		{6FC75CE5-8D88-4A0D-A0C7-B6F85ED6B7A2} = {0E86725B-55F2-43AB-96A9-2B9B89BE4473}
		{7DDEE3CF-FD55-4C62-9E7A-9B68CB69F828} = {0E86725B-55F2-43AB-96A9-2B9B89BE4473}
		{DAAD1EF0-61DF-412D-A6B5-393E81BC314B} = {0E86725B-55F2-43AB-96A9-2B9B89BE4473}
		{4243BA4C-6371-4DD1-8A1D-675BED5322AF} = {EBB4D48A-B01C-4200-93A8-7F4B54414536}
		{4ADC4F0D-2F3B-4F4D-A5FC-C6AEB6B222CE} = {01824B6E-B567-4974-849B-44A1ABEB4B39}
		{2149D717-7256-477B-BEC5-F9E7E6E93885} = {01824B6E-B567-4974-849B-44A1ABEB4B39}
		{BBCE89B7-AFD8-48D6-A368-AD87D3BE0A68} = {01824B6E-B567-4974-849B-44A1ABEB4B39}
		{4FF97A6E-2376-4257-B45F-A88D6EB441ED} = {01824B6E-B567-4974-849B-44A1ABEB4B39}
		{A10F47EE-E097-48EF-A9E5-BE0BD83D9CF3} = {01824B6E-B567-4974-849B-44A1ABEB4B39}
		{3D42FC86-9EA6-4D6B-8E4A-1F4EE1A1D8B5} = {01824B6E-B567-4974-849B-44A1ABEB4B39}
		{0A94E357-EC2B-4B72-895F-1F7907D846D4} = {01824B6E-B567-4974-849B-44A1ABEB4B39}
		{8791C204-4BFE-4D65-AA9F-837B2C8B7B65} = {01824B6E-B567-4974-849B-44A1ABEB4B39}
		{14D6531E-D56E-4A11-93FE-01119001E7E6} = {30A09AE0-71AC-4A08-B17A-8D82319068A7}
		{5DC36B2F-09DF-414C-8B50-2973CFB0652F} = {30A09AE0-71AC-4A08-B17A-8D82319068A7}
		{F6793227-9C45-4C01-A5F1-E30131CE22A0} = {B7892815-5091-468D-8D79-EC631A597C33}
		{FD4FFE48-DE2F-43B6-B1C0-D4CE61342AE1} = {B7892815-5091-468D-8D79-EC631A597C33}
		{45E1228A-F714-41D5-BB9B-A776F2B23143} = {C1DD3752-B399-4A45-9E46-D2E128AF6D84}
		{BD18AB57-1ABF-4C5B-A3F6-8B4AC6013C36} = {C1DD3752-B399-4A45-9E46-D2E128AF6D84}
		{68B02FFD-EC04-4705-A9FC-B379EC7CB52F} = {C1DD3752-B399-4A45-9E46-D2E128AF6D84}
		{D5B54EEF-5D27-4E30-9073-847C9996C552} = {8C3F147E-FAE4-4EB5-AE03-7F82D7DAD7C6}
		{34DF4090-8439-416F-A719-A74430E4E0C0} = {04563307-41A9-4BB8-B13F-B364BE966B85}
		{3B7309D6-5D6A-4265-A0B9-B65E0DDFCB12} = {04563307-41A9-4BB8-B13F-B364BE966B85}
		{48CF28EC-8DC9-44F8-A258-BD264DF187D9} = {04563307-41A9-4BB8-B13F-B364BE966B85}
		{5FE12EE4-49CB-4008-9A30-96960704A9C5} = {04563307-41A9-4BB8-B13F-B364BE966B85}
		{F96BC815-74DA-49A3-9587-407DA95840DB} = {04563307-41A9-4BB8-B13F-B364BE966B85}
		{0E837648-DBDE-4B83-84EB-D4095D60DE5F} = {04563307-41A9-4BB8-B13F-B364BE966B85}
		{8D3DB6A3-647A-4A57-AE68-D3E2EB0A7A8F} = {04563307-41A9-4BB8-B13F-B364BE966B85}
		{EEAF8E98-6BE9-40AB-B3BF-A60AAF20B3C5} = {04563307-41A9-4BB8-B13F-B364BE966B85}
		{DA54AEAB-9F36-4075-86E3-3BE8ECE5C60D} = {04563307-41A9-4BB8-B13F-B364BE966B85}
		{87E342D5-C950-4788-A748-3408F8FF33BB} = {04563307-41A9-4BB8-B13F-B364BE966B85}
		{3A2B3153-2B4B-4EC4-B85F-A824682CC054} = {25A1ED22-180F-4B61-84FC-55790AA11254}
		{4B448396-DF5D-4864-A133-7A0AA69CA028} = {25A1ED22-180F-4B61-84FC-55790AA11254}
		{8D6C81FD-5117-414A-8985-7BD5AA0F5135} = {25A1ED22-180F-4B61-84FC-55790AA11254}
		{35FF71CD-8870-4D5F-920D-D121E35AB6F8} = {25A1ED22-180F-4B61-84FC-55790AA11254}
		{A54FB6A1-A9C3-488C-B961-41B8DBC81B36} = {25A1ED22-180F-4B61-84FC-55790AA11254}
		{B21B530A-394C-4A30-8325-FB859613FAA5} = {25A1ED22-180F-4B61-84FC-55790AA11254}
		{D9A7E8BC-5617-486D-9DA5-89C5861A0F88} = {25A1ED22-180F-4B61-84FC-55790AA11254}
		{1B0458F3-7668-4D71-A63E-88BEFC03925C} = {E61E332D-B9E1-45C4-875A-521031406B07}
		{A1B55A53-64C2-464A-923A-13059F0852CD} = {9C03E0DA-6464-4AF2-A9B8-223114A2A2AA}
		{76641C50-FFDA-4690-8DB5-84CCA417B29D} = {3503C3B1-AD83-405E-9776-2DE1D3B8075F}
		{96C7D2AB-DBE9-4DA1-8EC5-2D37E083D3C0} = {EC3DEE21-95FE-46E0-B34D-86D86361517D}
		{36FDE8F1-D02F-4B8D-968E-B61309D4EB50} = {741290E1-6A59-4AA2-90D0-CB39B7448BA7}
		{2572F3DF-7CF2-4B6C-9FC2-8E11D0BC08D6} = {C64A0DA3-349F-4D36-A434-9F6DCC1410DB}
		{9EFE1059-E2DC-4576-B9E3-4AE3F998CB28} = {B21B530A-394C-4A30-8325-FB859613FAA5}
		{1272F77E-D926-4310-AE8B-858909B10F0C} = {B21B530A-394C-4A30-8325-FB859613FAA5}
		{5EAB131C-1C93-4C3F-A1D8-D711053DE33C} = {B21B530A-394C-4A30-8325-FB859613FAA5}
	EndGlobalSection
EndGlobal
